// !$*UTF8*$!
{
	archiveVersion = 1;
	classes = {
	};
	objectVersion = 56;
	objects = {

/* Begin PBXBuildFile section */
		02ADE93B2A6136920017B69D /* HomeViewController.swift in Sources */ = {isa = PBXBuildFile; fileRef = 02ADE93A2A6136920017B69D /* HomeViewController.swift */; };
		02ADE93D2A6136AA0017B69D /* HomeTabHeader.swift in Sources */ = {isa = PBXBuildFile; fileRef = 02ADE93C2A6136AA0017B69D /* HomeTabHeader.swift */; };
		6A06E6122A5D1279005938DE /* RecipeViewController.swift in Sources */ = {isa = PBXBuildFile; fileRef = 6A06E6112A5D1279005938DE /* RecipeViewController.swift */; };
		6A06E6142A5D1379005938DE /* RecipeTabHeader.swift in Sources */ = {isa = PBXBuildFile; fileRef = 6A06E6132A5D1378005938DE /* RecipeTabHeader.swift */; };
		6A06E6162A5D15B2005938DE /* Constant.swift in Sources */ = {isa = PBXBuildFile; fileRef = 6A06E6152A5D15B2005938DE /* Constant.swift */; };
		6A0D30402A56C83500A9F44A /* UIView+addSubViews.swift in Sources */ = {isa = PBXBuildFile; fileRef = 6A0D303F2A56C83500A9F44A /* UIView+addSubViews.swift */; };
		6A1C0EB82A613EBE00A7C1C1 /* SignUpViewController.swift in Sources */ = {isa = PBXBuildFile; fileRef = 6A1C0EB72A613EBE00A7C1C1 /* SignUpViewController.swift */; };
		6A1C0EBA2A61427400A7C1C1 /* UIFont+Pretendard.swift in Sources */ = {isa = PBXBuildFile; fileRef = 6A1C0EB92A61427400A7C1C1 /* UIFont+Pretendard.swift */; };
		6A2B70732A5BF056002F92EB /* UIColor+ReFreeColor.swift in Sources */ = {isa = PBXBuildFile; fileRef = 6A2B70722A5BF056002F92EB /* UIColor+ReFreeColor.swift */; };
		6A3ADA5B2A63E99200D6D49A /* HomeTabViewController.swift in Sources */ = {isa = PBXBuildFile; fileRef = 6A3ADA5A2A63E99200D6D49A /* HomeTabViewController.swift */; };
		6A4ED1D82A5D237C00299B61 /* RFSearchBar.swift in Sources */ = {isa = PBXBuildFile; fileRef = 6A4ED1D72A5D237C00299B61 /* RFSearchBar.swift */; };
		6A4ED1DB2A5D254600299B61 /* Then in Frameworks */ = {isa = PBXBuildFile; productRef = 6A4ED1DA2A5D254600299B61 /* Then */; };
		6A4ED1DD2A5D31A800299B61 /* BadgeButton.swift in Sources */ = {isa = PBXBuildFile; fileRef = 6A4ED1DC2A5D31A800299B61 /* BadgeButton.swift */; };
		6A4ED1DF2A5D402700299B61 /* UITextFiled+Attribute.swift in Sources */ = {isa = PBXBuildFile; fileRef = 6A4ED1DE2A5D402700299B61 /* UITextFiled+Attribute.swift */; };
		6A4ED1E12A5D432900299B61 /* UIVIew+Shadow.swift in Sources */ = {isa = PBXBuildFile; fileRef = 6A4ED1E02A5D432900299B61 /* UIVIew+Shadow.swift */; };
		6A4ED1E52A5D4B4600299B61 /* CarouselCell.swift in Sources */ = {isa = PBXBuildFile; fileRef = 6A4ED1E42A5D4B4600299B61 /* CarouselCell.swift */; };
		6A4ED1E72A5D4E0D00299B61 /* Identifiable.swift in Sources */ = {isa = PBXBuildFile; fileRef = 6A4ED1E62A5D4E0D00299B61 /* Identifiable.swift */; };
		6A63C1E32A66B3E000E69D06 /* SavedRecipeViewController.swift in Sources */ = {isa = PBXBuildFile; fileRef = 6A63C1E22A66B3E000E69D06 /* SavedRecipeViewController.swift */; };
		6A894D0D2A5F310200B053A5 /* RFModalViewController.swift in Sources */ = {isa = PBXBuildFile; fileRef = 6A894D0C2A5F310200B053A5 /* RFModalViewController.swift */; };
		6A8B10D12A62EABC0076A1CF /* KeyChain.swift in Sources */ = {isa = PBXBuildFile; fileRef = 6A8B10D02A62EABC0076A1CF /* KeyChain.swift */; };
		6A8C53FA2A6136D5001EC332 /* PRETENDARD-EXTRALIGHT.TTF in Resources */ = {isa = PBXBuildFile; fileRef = 6A8C53F62A6136D4001EC332 /* PRETENDARD-EXTRALIGHT.TTF */; };
		6A8C53FB2A6136D5001EC332 /* PRETENDARD-BLACK.TTF in Resources */ = {isa = PBXBuildFile; fileRef = 6A8C53F72A6136D4001EC332 /* PRETENDARD-BLACK.TTF */; };
		6A8C53FC2A6136D5001EC332 /* PRETENDARD-EXTRABOLD.TTF in Resources */ = {isa = PBXBuildFile; fileRef = 6A8C53F82A6136D4001EC332 /* PRETENDARD-EXTRABOLD.TTF */; };
		6A8C53FD2A6136D5001EC332 /* PRETENDARD-BOLD.TTF in Resources */ = {isa = PBXBuildFile; fileRef = 6A8C53F92A6136D5001EC332 /* PRETENDARD-BOLD.TTF */; };
		6A9CDCDF2A6539680003F618 /* TargetProtocol.swift in Sources */ = {isa = PBXBuildFile; fileRef = 6A9CDCDE2A6539680003F618 /* TargetProtocol.swift */; };
		6A9CDCE12A6551230003F618 /* Network.swift in Sources */ = {isa = PBXBuildFile; fileRef = 6A9CDCE02A6551230003F618 /* Network.swift */; };
		6A9CDCE32A6557950003F618 /* NetworkTest.swift in Sources */ = {isa = PBXBuildFile; fileRef = 6A9CDCE22A6557950003F618 /* NetworkTest.swift */; };
		6A9D24FB2A5DC9AD0025BF3B /* RecipeSidebarView.swift in Sources */ = {isa = PBXBuildFile; fileRef = 6A9D24FA2A5DC9AD0025BF3B /* RecipeSidebarView.swift */; };
		6A9D24FD2A5DCA030025BF3B /* FoodKindView.swift in Sources */ = {isa = PBXBuildFile; fileRef = 6A9D24FC2A5DCA030025BF3B /* FoodKindView.swift */; };
		6A9D25002A5EC92C0025BF3B /* RxCocoa in Frameworks */ = {isa = PBXBuildFile; productRef = 6A9D24FF2A5EC92C0025BF3B /* RxCocoa */; };
		6A9D25022A5EC92C0025BF3B /* RxSwift in Frameworks */ = {isa = PBXBuildFile; productRef = 6A9D25012A5EC92C0025BF3B /* RxSwift */; };
		6A9D25072A5F13D70025BF3B /* RxGesture in Frameworks */ = {isa = PBXBuildFile; productRef = 6A9D25062A5F13D70025BF3B /* RxGesture */; };
		6AA335E92A606F510037A2C1 /* IngredientDetailView.swift in Sources */ = {isa = PBXBuildFile; fileRef = 6AA335E82A606F510037A2C1 /* IngredientDetailView.swift */; };
		6AA335EB2A6070AB0037A2C1 /* UIView+StackView.swift in Sources */ = {isa = PBXBuildFile; fileRef = 6AA335EA2A6070AB0037A2C1 /* UIView+StackView.swift */; };
		6AA335EE2A6106290037A2C1 /* DetailStackView.swift in Sources */ = {isa = PBXBuildFile; fileRef = 6AA335ED2A6106290037A2C1 /* DetailStackView.swift */; };
		6AA335F02A61066D0037A2C1 /* LineView.swift in Sources */ = {isa = PBXBuildFile; fileRef = 6AA335EF2A61066D0037A2C1 /* LineView.swift */; };
		6ACEE6C62A5C92F70084C41A /* UIView+gradient.swift in Sources */ = {isa = PBXBuildFile; fileRef = 6ACEE6C52A5C92F70084C41A /* UIView+gradient.swift */; };
		6AD7E3972A506C08007338DB /* AppDelegate.swift in Sources */ = {isa = PBXBuildFile; fileRef = 6AD7E3962A506C08007338DB /* AppDelegate.swift */; };
		6AD7E3992A506C08007338DB /* SceneDelegate.swift in Sources */ = {isa = PBXBuildFile; fileRef = 6AD7E3982A506C08007338DB /* SceneDelegate.swift */; };
		6AD7E3A02A506C09007338DB /* Assets.xcassets in Resources */ = {isa = PBXBuildFile; fileRef = 6AD7E39F2A506C09007338DB /* Assets.xcassets */; };
		6AD7E3A32A506C09007338DB /* LaunchScreen.storyboard in Resources */ = {isa = PBXBuildFile; fileRef = 6AD7E3A12A506C09007338DB /* LaunchScreen.storyboard */; };
		6AE80DBC2A507C21006CBB56 /* SnapKit in Frameworks */ = {isa = PBXBuildFile; productRef = 6AE80DBB2A507C21006CBB56 /* SnapKit */; };
		6AE80DC22A507C89006CBB56 /* Alamofire in Frameworks */ = {isa = PBXBuildFile; productRef = 6AE80DC12A507C89006CBB56 /* Alamofire */; };
		6AE80DCB2A507CDD006CBB56 /* RealmSwift in Frameworks */ = {isa = PBXBuildFile; productRef = 6AE80DCA2A507CDD006CBB56 /* RealmSwift */; };
		6AFFE7512A64128400744182 /* RecipeDetailCell.swift in Sources */ = {isa = PBXBuildFile; fileRef = 6AFFE7502A64128400744182 /* RecipeDetailCell.swift */; };
		6AFFE7532A6412CC00744182 /* RecipeDetailHeaderView.swift in Sources */ = {isa = PBXBuildFile; fileRef = 6AFFE7522A6412CC00744182 /* RecipeDetailHeaderView.swift */; };
		6AFFE7552A64785500744182 /* RecipeDetailView.swift in Sources */ = {isa = PBXBuildFile; fileRef = 6AFFE7542A64785500744182 /* RecipeDetailView.swift */; };
/* End PBXBuildFile section */

/* Begin PBXFileReference section */
		02ADE93A2A6136920017B69D /* HomeViewController.swift */ = {isa = PBXFileReference; lastKnownFileType = sourcecode.swift; path = HomeViewController.swift; sourceTree = "<group>"; };
		02ADE93C2A6136AA0017B69D /* HomeTabHeader.swift */ = {isa = PBXFileReference; lastKnownFileType = sourcecode.swift; path = HomeTabHeader.swift; sourceTree = "<group>"; };
		6A06E6112A5D1279005938DE /* RecipeViewController.swift */ = {isa = PBXFileReference; lastKnownFileType = sourcecode.swift; path = RecipeViewController.swift; sourceTree = "<group>"; };
		6A06E6132A5D1378005938DE /* RecipeTabHeader.swift */ = {isa = PBXFileReference; lastKnownFileType = sourcecode.swift; path = RecipeTabHeader.swift; sourceTree = "<group>"; };
		6A06E6152A5D15B2005938DE /* Constant.swift */ = {isa = PBXFileReference; lastKnownFileType = sourcecode.swift; path = Constant.swift; sourceTree = "<group>"; };
		6A0D303F2A56C83500A9F44A /* UIView+addSubViews.swift */ = {isa = PBXFileReference; lastKnownFileType = sourcecode.swift; path = "UIView+addSubViews.swift"; sourceTree = "<group>"; };
		6A1C0EB72A613EBE00A7C1C1 /* SignUpViewController.swift */ = {isa = PBXFileReference; fileEncoding = 4; lastKnownFileType = sourcecode.swift; path = SignUpViewController.swift; sourceTree = "<group>"; };
		6A1C0EB92A61427400A7C1C1 /* UIFont+Pretendard.swift */ = {isa = PBXFileReference; lastKnownFileType = sourcecode.swift; path = "UIFont+Pretendard.swift"; sourceTree = "<group>"; };
		6A2B70722A5BF056002F92EB /* UIColor+ReFreeColor.swift */ = {isa = PBXFileReference; lastKnownFileType = sourcecode.swift; path = "UIColor+ReFreeColor.swift"; sourceTree = "<group>"; };
		6A3ADA5A2A63E99200D6D49A /* HomeTabViewController.swift */ = {isa = PBXFileReference; lastKnownFileType = sourcecode.swift; path = HomeTabViewController.swift; sourceTree = "<group>"; };
		6A4ED1D72A5D237C00299B61 /* RFSearchBar.swift */ = {isa = PBXFileReference; lastKnownFileType = sourcecode.swift; path = RFSearchBar.swift; sourceTree = "<group>"; };
		6A4ED1DC2A5D31A800299B61 /* BadgeButton.swift */ = {isa = PBXFileReference; lastKnownFileType = sourcecode.swift; path = BadgeButton.swift; sourceTree = "<group>"; };
		6A4ED1DE2A5D402700299B61 /* UITextFiled+Attribute.swift */ = {isa = PBXFileReference; lastKnownFileType = sourcecode.swift; path = "UITextFiled+Attribute.swift"; sourceTree = "<group>"; };
		6A4ED1E02A5D432900299B61 /* UIVIew+Shadow.swift */ = {isa = PBXFileReference; lastKnownFileType = sourcecode.swift; path = "UIVIew+Shadow.swift"; sourceTree = "<group>"; };
		6A4ED1E42A5D4B4600299B61 /* CarouselCell.swift */ = {isa = PBXFileReference; lastKnownFileType = sourcecode.swift; path = CarouselCell.swift; sourceTree = "<group>"; };
		6A4ED1E62A5D4E0D00299B61 /* Identifiable.swift */ = {isa = PBXFileReference; lastKnownFileType = sourcecode.swift; path = Identifiable.swift; sourceTree = "<group>"; };
		6A63C1E22A66B3E000E69D06 /* SavedRecipeViewController.swift */ = {isa = PBXFileReference; lastKnownFileType = sourcecode.swift; path = SavedRecipeViewController.swift; sourceTree = "<group>"; };
		6A894D0C2A5F310200B053A5 /* RFModalViewController.swift */ = {isa = PBXFileReference; lastKnownFileType = sourcecode.swift; path = RFModalViewController.swift; sourceTree = "<group>"; };
		6A8B10D02A62EABC0076A1CF /* KeyChain.swift */ = {isa = PBXFileReference; lastKnownFileType = sourcecode.swift; path = KeyChain.swift; sourceTree = "<group>"; };
		6A8B10D42A62EE5A0076A1CF /* Development.xcconfig */ = {isa = PBXFileReference; lastKnownFileType = text.xcconfig; path = Development.xcconfig; sourceTree = "<group>"; };
		6A8B10D52A62EFD80076A1CF /* Release.xcconfig */ = {isa = PBXFileReference; lastKnownFileType = text.xcconfig; path = Release.xcconfig; sourceTree = "<group>"; };
		6A8C53F62A6136D4001EC332 /* PRETENDARD-EXTRALIGHT.TTF */ = {isa = PBXFileReference; lastKnownFileType = file; path = "PRETENDARD-EXTRALIGHT.TTF"; sourceTree = "<group>"; };
		6A8C53F72A6136D4001EC332 /* PRETENDARD-BLACK.TTF */ = {isa = PBXFileReference; lastKnownFileType = file; path = "PRETENDARD-BLACK.TTF"; sourceTree = "<group>"; };
		6A8C53F82A6136D4001EC332 /* PRETENDARD-EXTRABOLD.TTF */ = {isa = PBXFileReference; lastKnownFileType = file; path = "PRETENDARD-EXTRABOLD.TTF"; sourceTree = "<group>"; };
		6A8C53F92A6136D5001EC332 /* PRETENDARD-BOLD.TTF */ = {isa = PBXFileReference; lastKnownFileType = file; path = "PRETENDARD-BOLD.TTF"; sourceTree = "<group>"; };
		6A9CDCDE2A6539680003F618 /* TargetProtocol.swift */ = {isa = PBXFileReference; lastKnownFileType = sourcecode.swift; path = TargetProtocol.swift; sourceTree = "<group>"; };
		6A9CDCE02A6551230003F618 /* Network.swift */ = {isa = PBXFileReference; lastKnownFileType = sourcecode.swift; path = Network.swift; sourceTree = "<group>"; };
		6A9CDCE22A6557950003F618 /* NetworkTest.swift */ = {isa = PBXFileReference; lastKnownFileType = sourcecode.swift; path = NetworkTest.swift; sourceTree = "<group>"; };
		6A9D24FA2A5DC9AD0025BF3B /* RecipeSidebarView.swift */ = {isa = PBXFileReference; lastKnownFileType = sourcecode.swift; path = RecipeSidebarView.swift; sourceTree = "<group>"; };
		6A9D24FC2A5DCA030025BF3B /* FoodKindView.swift */ = {isa = PBXFileReference; lastKnownFileType = sourcecode.swift; path = FoodKindView.swift; sourceTree = "<group>"; };
		6AA335E82A606F510037A2C1 /* IngredientDetailView.swift */ = {isa = PBXFileReference; lastKnownFileType = sourcecode.swift; path = IngredientDetailView.swift; sourceTree = "<group>"; };
		6AA335EA2A6070AB0037A2C1 /* UIView+StackView.swift */ = {isa = PBXFileReference; lastKnownFileType = sourcecode.swift; path = "UIView+StackView.swift"; sourceTree = "<group>"; };
		6AA335ED2A6106290037A2C1 /* DetailStackView.swift */ = {isa = PBXFileReference; lastKnownFileType = sourcecode.swift; path = DetailStackView.swift; sourceTree = "<group>"; };
		6AA335EF2A61066D0037A2C1 /* LineView.swift */ = {isa = PBXFileReference; lastKnownFileType = sourcecode.swift; path = LineView.swift; sourceTree = "<group>"; };
		6ACEE6C52A5C92F70084C41A /* UIView+gradient.swift */ = {isa = PBXFileReference; lastKnownFileType = sourcecode.swift; path = "UIView+gradient.swift"; sourceTree = "<group>"; };
		6AD7E3932A506C08007338DB /* ReFree.app */ = {isa = PBXFileReference; explicitFileType = wrapper.application; includeInIndex = 0; path = ReFree.app; sourceTree = BUILT_PRODUCTS_DIR; };
		6AD7E3962A506C08007338DB /* AppDelegate.swift */ = {isa = PBXFileReference; lastKnownFileType = sourcecode.swift; path = AppDelegate.swift; sourceTree = "<group>"; };
		6AD7E3982A506C08007338DB /* SceneDelegate.swift */ = {isa = PBXFileReference; lastKnownFileType = sourcecode.swift; path = SceneDelegate.swift; sourceTree = "<group>"; };
		6AD7E39F2A506C09007338DB /* Assets.xcassets */ = {isa = PBXFileReference; lastKnownFileType = folder.assetcatalog; path = Assets.xcassets; sourceTree = "<group>"; };
		6AD7E3A22A506C09007338DB /* Base */ = {isa = PBXFileReference; lastKnownFileType = file.storyboard; name = Base; path = Base.lproj/LaunchScreen.storyboard; sourceTree = "<group>"; };
		6AD7E3A42A506C09007338DB /* Info.plist */ = {isa = PBXFileReference; lastKnownFileType = text.plist.xml; path = Info.plist; sourceTree = "<group>"; };
		6AFFE7502A64128400744182 /* RecipeDetailCell.swift */ = {isa = PBXFileReference; lastKnownFileType = sourcecode.swift; path = RecipeDetailCell.swift; sourceTree = "<group>"; };
		6AFFE7522A6412CC00744182 /* RecipeDetailHeaderView.swift */ = {isa = PBXFileReference; lastKnownFileType = sourcecode.swift; path = RecipeDetailHeaderView.swift; sourceTree = "<group>"; };
		6AFFE7542A64785500744182 /* RecipeDetailView.swift */ = {isa = PBXFileReference; lastKnownFileType = sourcecode.swift; path = RecipeDetailView.swift; sourceTree = "<group>"; };
/* End PBXFileReference section */

/* Begin PBXFrameworksBuildPhase section */
		6AD7E3902A506C08007338DB /* Frameworks */ = {
			isa = PBXFrameworksBuildPhase;
			buildActionMask = 2147483647;
			files = (
				6A9D25022A5EC92C0025BF3B /* RxSwift in Frameworks */,
				6AE80DCB2A507CDD006CBB56 /* RealmSwift in Frameworks */,
				6AE80DBC2A507C21006CBB56 /* SnapKit in Frameworks */,
				6A9D25002A5EC92C0025BF3B /* RxCocoa in Frameworks */,
				6AE80DC22A507C89006CBB56 /* Alamofire in Frameworks */,
				6A4ED1DB2A5D254600299B61 /* Then in Frameworks */,
				6A9D25072A5F13D70025BF3B /* RxGesture in Frameworks */,
			);
			runOnlyForDeploymentPostprocessing = 0;
		};
/* End PBXFrameworksBuildPhase section */

/* Begin PBXGroup section */
		02ADE9312A6134BA0017B69D /* Home */ = {
			isa = PBXGroup;
			children = (
				02ADE9332A6134C20017B69D /* ViewController */,
				02ADE9322A6134BE0017B69D /* View */,
			);
			path = Home;
			sourceTree = "<group>";
		};
		02ADE9322A6134BE0017B69D /* View */ = {
			isa = PBXGroup;
			children = (
				02ADE93C2A6136AA0017B69D /* HomeTabHeader.swift */,
			);
			path = View;
			sourceTree = "<group>";
		};
		02ADE9332A6134C20017B69D /* ViewController */ = {
			isa = PBXGroup;
			children = (
				02ADE93A2A6136920017B69D /* HomeViewController.swift */,
			);
			path = ViewController;
			sourceTree = "<group>";
		};
		6A06E60E2A5D1237005938DE /* Recipe */ = {
			isa = PBXGroup;
			children = (
				6A06E60F2A5D1256005938DE /* ViewController */,
				6A06E6102A5D125C005938DE /* View */,
			);
			path = Recipe;
			sourceTree = "<group>";
		};
		6A06E60F2A5D1256005938DE /* ViewController */ = {
			isa = PBXGroup;
			children = (
				6A06E6112A5D1279005938DE /* RecipeViewController.swift */,
			);
			path = ViewController;
			sourceTree = "<group>";
		};
		6A06E6102A5D125C005938DE /* View */ = {
			isa = PBXGroup;
			children = (
				6A06E6132A5D1378005938DE /* RecipeTabHeader.swift */,
				6A4ED1DC2A5D31A800299B61 /* BadgeButton.swift */,
				6A4ED1E42A5D4B4600299B61 /* CarouselCell.swift */,
				6A9D24FA2A5DC9AD0025BF3B /* RecipeSidebarView.swift */,
				6A9D24FC2A5DCA030025BF3B /* FoodKindView.swift */,
			);
			path = View;
			sourceTree = "<group>";
		};
		6A0D303D2A56C80F00A9F44A /* Util */ = {
			isa = PBXGroup;
			children = (
				6A9CDCDD2A6539580003F618 /* Network */,
				6A0D303E2A56C81800A9F44A /* Extension */,
				6A06E6152A5D15B2005938DE /* Constant.swift */,
				6A4ED1E62A5D4E0D00299B61 /* Identifiable.swift */,
				6A8B10D02A62EABC0076A1CF /* KeyChain.swift */,
			);
			path = Util;
			sourceTree = "<group>";
		};
		6A0D303E2A56C81800A9F44A /* Extension */ = {
			isa = PBXGroup;
			children = (
				6A0D303F2A56C83500A9F44A /* UIView+addSubViews.swift */,
				6A2B70722A5BF056002F92EB /* UIColor+ReFreeColor.swift */,
				6ACEE6C52A5C92F70084C41A /* UIView+gradient.swift */,
				6A4ED1DE2A5D402700299B61 /* UITextFiled+Attribute.swift */,
				6A4ED1E02A5D432900299B61 /* UIVIew+Shadow.swift */,
				6AA335EA2A6070AB0037A2C1 /* UIView+StackView.swift */,
				6A1C0EB92A61427400A7C1C1 /* UIFont+Pretendard.swift */,
			);
			path = Extension;
			sourceTree = "<group>";
		};
		6A1C0EB62A613EBE00A7C1C1 /* SignUp */ = {
			isa = PBXGroup;
			children = (
				6A1C0EB72A613EBE00A7C1C1 /* SignUpViewController.swift */,
			);
			name = SignUp;
			path = ReFree/Source/SignUp;
			sourceTree = SOURCE_ROOT;
		};
		6A63C1DF2A66B36700E69D06 /* SavedRecipe */ = {
			isa = PBXGroup;
			children = (
				6A63C1E02A66B3B000E69D06 /* ViewController */,
				6A63C1E12A66B3B600E69D06 /* View */,
			);
			path = SavedRecipe;
			sourceTree = "<group>";
		};
		6A63C1E02A66B3B000E69D06 /* ViewController */ = {
			isa = PBXGroup;
			children = (
				6A63C1E22A66B3E000E69D06 /* SavedRecipeViewController.swift */,
			);
			path = ViewController;
			sourceTree = "<group>";
		};
		6A63C1E12A66B3B600E69D06 /* View */ = {
			isa = PBXGroup;
			children = (
			);
			path = View;
			sourceTree = "<group>";
		};
		6A7234F32A507303004FCFB4 /* App */ = {
			isa = PBXGroup;
			children = (
				6AD7E3962A506C08007338DB /* AppDelegate.swift */,
				6AD7E3982A506C08007338DB /* SceneDelegate.swift */,
				6AD7E3A12A506C09007338DB /* LaunchScreen.storyboard */,
				6AD7E3A42A506C09007338DB /* Info.plist */,
				6A8B10D42A62EE5A0076A1CF /* Development.xcconfig */,
				6A8B10D52A62EFD80076A1CF /* Release.xcconfig */,
			);
			path = App;
			sourceTree = "<group>";
		};
		6A7234F42A50731D004FCFB4 /* Resource */ = {
			isa = PBXGroup;
			children = (
				6A8C53F52A6136B5001EC332 /* Fonts */,
				6AD7E39F2A506C09007338DB /* Assets.xcassets */,
			);
			path = Resource;
			sourceTree = "<group>";
		};
		6A7234F52A507334004FCFB4 /* Source */ = {
			isa = PBXGroup;
			children = (
				02ADE9312A6134BA0017B69D /* Home */,
				6A7234F62A50734A004FCFB4 /* Common */,
				6A1C0EB62A613EBE00A7C1C1 /* SignUp */,
				6A06E60E2A5D1237005938DE /* Recipe */,
				6A63C1DF2A66B36700E69D06 /* SavedRecipe */,
				6A0D303D2A56C80F00A9F44A /* Util */,
			);
			path = Source;
			sourceTree = "<group>";
		};
		6A7234F62A50734A004FCFB4 /* Common */ = {
			isa = PBXGroup;
			children = (
				6AA335E72A606F0A0037A2C1 /* ViewController */,
				6A7234F72A50734E004FCFB4 /* View */,
			);
			path = Common;
			sourceTree = "<group>";
		};
		6A7234F72A50734E004FCFB4 /* View */ = {
			isa = PBXGroup;
			children = (
				6AA335EC2A6106140037A2C1 /* RFModal */,
				6A4ED1D72A5D237C00299B61 /* RFSearchBar.swift */,
				6AA335EF2A61066D0037A2C1 /* LineView.swift */,
			);
			path = View;
			sourceTree = "<group>";
		};
		6A8C53F52A6136B5001EC332 /* Fonts */ = {
			isa = PBXGroup;
			children = (
				6A8C53F72A6136D4001EC332 /* PRETENDARD-BLACK.TTF */,
				6A8C53F92A6136D5001EC332 /* PRETENDARD-BOLD.TTF */,
				6A8C53F82A6136D4001EC332 /* PRETENDARD-EXTRABOLD.TTF */,
				6A8C53F62A6136D4001EC332 /* PRETENDARD-EXTRALIGHT.TTF */,
			);
			path = Fonts;
			sourceTree = "<group>";
		};
		6A9CDCDD2A6539580003F618 /* Network */ = {
			isa = PBXGroup;
			children = (
				6A9CDCDE2A6539680003F618 /* TargetProtocol.swift */,
				6A9CDCE02A6551230003F618 /* Network.swift */,
				6A9CDCE22A6557950003F618 /* NetworkTest.swift */,
			);
			path = Network;
			sourceTree = "<group>";
		};
		6AA335E72A606F0A0037A2C1 /* ViewController */ = {
			isa = PBXGroup;
			children = (
				6A894D0C2A5F310200B053A5 /* RFModalViewController.swift */,
				6A3ADA5A2A63E99200D6D49A /* HomeTabViewController.swift */,
			);
			path = ViewController;
			sourceTree = "<group>";
		};
		6AA335EC2A6106140037A2C1 /* RFModal */ = {
			isa = PBXGroup;
			children = (
				6AA335E82A606F510037A2C1 /* IngredientDetailView.swift */,
				6AA335ED2A6106290037A2C1 /* DetailStackView.swift */,
				6AFFE7502A64128400744182 /* RecipeDetailCell.swift */,
				6AFFE7522A6412CC00744182 /* RecipeDetailHeaderView.swift */,
				6AFFE7542A64785500744182 /* RecipeDetailView.swift */,
			);
			path = RFModal;
			sourceTree = "<group>";
		};
		6AD7E38A2A506C08007338DB = {
			isa = PBXGroup;
			children = (
				6AD7E3952A506C08007338DB /* ReFree */,
				6AD7E3942A506C08007338DB /* Products */,
			);
			sourceTree = "<group>";
		};
		6AD7E3942A506C08007338DB /* Products */ = {
			isa = PBXGroup;
			children = (
				6AD7E3932A506C08007338DB /* ReFree.app */,
			);
			name = Products;
			sourceTree = "<group>";
		};
		6AD7E3952A506C08007338DB /* ReFree */ = {
			isa = PBXGroup;
			children = (
				6A7234F32A507303004FCFB4 /* App */,
				6A7234F42A50731D004FCFB4 /* Resource */,
				6A7234F52A507334004FCFB4 /* Source */,
			);
			path = ReFree;
			sourceTree = "<group>";
		};
/* End PBXGroup section */

/* Begin PBXNativeTarget section */
		6AD7E3922A506C08007338DB /* ReFree */ = {
			isa = PBXNativeTarget;
			buildConfigurationList = 6AD7E3A72A506C09007338DB /* Build configuration list for PBXNativeTarget "ReFree" */;
			buildPhases = (
				6AD7E38F2A506C08007338DB /* Sources */,
				6AD7E3902A506C08007338DB /* Frameworks */,
				6AD7E3912A506C08007338DB /* Resources */,
			);
			buildRules = (
			);
			dependencies = (
			);
			name = ReFree;
			packageProductDependencies = (
				6AE80DBB2A507C21006CBB56 /* SnapKit */,
				6AE80DC12A507C89006CBB56 /* Alamofire */,
				6AE80DCA2A507CDD006CBB56 /* RealmSwift */,
				6A4ED1DA2A5D254600299B61 /* Then */,
				6A9D24FF2A5EC92C0025BF3B /* RxCocoa */,
				6A9D25012A5EC92C0025BF3B /* RxSwift */,
				6A9D25062A5F13D70025BF3B /* RxGesture */,
			);
			productName = ReFree;
			productReference = 6AD7E3932A506C08007338DB /* ReFree.app */;
			productType = "com.apple.product-type.application";
		};
/* End PBXNativeTarget section */

/* Begin PBXProject section */
		6AD7E38B2A506C08007338DB /* Project object */ = {
			isa = PBXProject;
			attributes = {
				BuildIndependentTargetsInParallel = 1;
				LastSwiftUpdateCheck = 1430;
				LastUpgradeCheck = 1430;
				TargetAttributes = {
					6AD7E3922A506C08007338DB = {
						CreatedOnToolsVersion = 14.3;
					};
				};
			};
			buildConfigurationList = 6AD7E38E2A506C08007338DB /* Build configuration list for PBXProject "ReFree" */;
			compatibilityVersion = "Xcode 14.0";
			developmentRegion = en;
			hasScannedForEncodings = 0;
			knownRegions = (
				en,
				Base,
			);
			mainGroup = 6AD7E38A2A506C08007338DB;
			packageReferences = (
				6AE80DBA2A507C21006CBB56 /* XCRemoteSwiftPackageReference "SnapKit" */,
				6AE80DC02A507C89006CBB56 /* XCRemoteSwiftPackageReference "Alamofire" */,
				6AE80DC92A507CDD006CBB56 /* XCRemoteSwiftPackageReference "realm-swift" */,
				6A4ED1D92A5D254600299B61 /* XCRemoteSwiftPackageReference "Then" */,
				6A9D24FE2A5EC92C0025BF3B /* XCRemoteSwiftPackageReference "RxSwift" */,
				6A9D25052A5F13D70025BF3B /* XCRemoteSwiftPackageReference "RxGesture" */,
			);
			productRefGroup = 6AD7E3942A506C08007338DB /* Products */;
			projectDirPath = "";
			projectRoot = "";
			targets = (
				6AD7E3922A506C08007338DB /* ReFree */,
			);
		};
/* End PBXProject section */

/* Begin PBXResourcesBuildPhase section */
		6AD7E3912A506C08007338DB /* Resources */ = {
			isa = PBXResourcesBuildPhase;
			buildActionMask = 2147483647;
			files = (
				6AD7E3A32A506C09007338DB /* LaunchScreen.storyboard in Resources */,
				6AD7E3A02A506C09007338DB /* Assets.xcassets in Resources */,
				6A8C53FA2A6136D5001EC332 /* PRETENDARD-EXTRALIGHT.TTF in Resources */,
				6A8C53FB2A6136D5001EC332 /* PRETENDARD-BLACK.TTF in Resources */,
				6A8C53FD2A6136D5001EC332 /* PRETENDARD-BOLD.TTF in Resources */,
				6A8C53FC2A6136D5001EC332 /* PRETENDARD-EXTRABOLD.TTF in Resources */,
			);
			runOnlyForDeploymentPostprocessing = 0;
		};
/* End PBXResourcesBuildPhase section */

/* Begin PBXSourcesBuildPhase section */
		6AD7E38F2A506C08007338DB /* Sources */ = {
			isa = PBXSourcesBuildPhase;
			buildActionMask = 2147483647;
			files = (
				6A9CDCDF2A6539680003F618 /* TargetProtocol.swift in Sources */,
				02ADE93B2A6136920017B69D /* HomeViewController.swift in Sources */,
				6AFFE7552A64785500744182 /* RecipeDetailView.swift in Sources */,
				6A0D30402A56C83500A9F44A /* UIView+addSubViews.swift in Sources */,
				6ACEE6C62A5C92F70084C41A /* UIView+gradient.swift in Sources */,
				6A1C0EBA2A61427400A7C1C1 /* UIFont+Pretendard.swift in Sources */,
				6A4ED1E12A5D432900299B61 /* UIVIew+Shadow.swift in Sources */,
				6AA335EE2A6106290037A2C1 /* DetailStackView.swift in Sources */,
				6AA335E92A606F510037A2C1 /* IngredientDetailView.swift in Sources */,
				6A1C0EB82A613EBE00A7C1C1 /* SignUpViewController.swift in Sources */,
				6A9CDCE32A6557950003F618 /* NetworkTest.swift in Sources */,
				6A4ED1E52A5D4B4600299B61 /* CarouselCell.swift in Sources */,
				6AD7E3972A506C08007338DB /* AppDelegate.swift in Sources */,
				6A4ED1D82A5D237C00299B61 /* RFSearchBar.swift in Sources */,
				6A2B70732A5BF056002F92EB /* UIColor+ReFreeColor.swift in Sources */,
				6A06E6142A5D1379005938DE /* RecipeTabHeader.swift in Sources */,
				6A4ED1DF2A5D402700299B61 /* UITextFiled+Attribute.swift in Sources */,
				6AFFE7532A6412CC00744182 /* RecipeDetailHeaderView.swift in Sources */,
				6A06E6162A5D15B2005938DE /* Constant.swift in Sources */,
				6A9CDCE12A6551230003F618 /* Network.swift in Sources */,
				6A4ED1E72A5D4E0D00299B61 /* Identifiable.swift in Sources */,
				6AFFE7512A64128400744182 /* RecipeDetailCell.swift in Sources */,
				6A3ADA5B2A63E99200D6D49A /* HomeTabViewController.swift in Sources */,
				6A9D24FD2A5DCA030025BF3B /* FoodKindView.swift in Sources */,
				6AA335EB2A6070AB0037A2C1 /* UIView+StackView.swift in Sources */,
				6AD7E3992A506C08007338DB /* SceneDelegate.swift in Sources */,
				6A9D24FB2A5DC9AD0025BF3B /* RecipeSidebarView.swift in Sources */,
				6AA335F02A61066D0037A2C1 /* LineView.swift in Sources */,
				6A4ED1DD2A5D31A800299B61 /* BadgeButton.swift in Sources */,
				02ADE93D2A6136AA0017B69D /* HomeTabHeader.swift in Sources */,
				6A63C1E32A66B3E000E69D06 /* SavedRecipeViewController.swift in Sources */,
				6A894D0D2A5F310200B053A5 /* RFModalViewController.swift in Sources */,
				6A8B10D12A62EABC0076A1CF /* KeyChain.swift in Sources */,
				6A06E6122A5D1279005938DE /* RecipeViewController.swift in Sources */,
			);
			runOnlyForDeploymentPostprocessing = 0;
		};
/* End PBXSourcesBuildPhase section */

/* Begin PBXVariantGroup section */
		6AD7E3A12A506C09007338DB /* LaunchScreen.storyboard */ = {
			isa = PBXVariantGroup;
			children = (
				6AD7E3A22A506C09007338DB /* Base */,
			);
			name = LaunchScreen.storyboard;
			sourceTree = "<group>";
		};
/* End PBXVariantGroup section */

/* Begin XCBuildConfiguration section */
		6A8B10D22A62ED8C0076A1CF /* Develop */ = {
			isa = XCBuildConfiguration;
			buildSettings = {
				ALWAYS_SEARCH_USER_PATHS = NO;
				CLANG_ANALYZER_NONNULL = YES;
				CLANG_ANALYZER_NUMBER_OBJECT_CONVERSION = YES_AGGRESSIVE;
				CLANG_CXX_LANGUAGE_STANDARD = "gnu++20";
				CLANG_ENABLE_MODULES = YES;
				CLANG_ENABLE_OBJC_ARC = YES;
				CLANG_ENABLE_OBJC_WEAK = YES;
				CLANG_WARN_BLOCK_CAPTURE_AUTORELEASING = YES;
				CLANG_WARN_BOOL_CONVERSION = YES;
				CLANG_WARN_COMMA = YES;
				CLANG_WARN_CONSTANT_CONVERSION = YES;
				CLANG_WARN_DEPRECATED_OBJC_IMPLEMENTATIONS = YES;
				CLANG_WARN_DIRECT_OBJC_ISA_USAGE = YES_ERROR;
				CLANG_WARN_DOCUMENTATION_COMMENTS = YES;
				CLANG_WARN_EMPTY_BODY = YES;
				CLANG_WARN_ENUM_CONVERSION = YES;
				CLANG_WARN_INFINITE_RECURSION = YES;
				CLANG_WARN_INT_CONVERSION = YES;
				CLANG_WARN_NON_LITERAL_NULL_CONVERSION = YES;
				CLANG_WARN_OBJC_IMPLICIT_RETAIN_SELF = YES;
				CLANG_WARN_OBJC_LITERAL_CONVERSION = YES;
				CLANG_WARN_OBJC_ROOT_CLASS = YES_ERROR;
				CLANG_WARN_QUOTED_INCLUDE_IN_FRAMEWORK_HEADER = YES;
				CLANG_WARN_RANGE_LOOP_ANALYSIS = YES;
				CLANG_WARN_STRICT_PROTOTYPES = YES;
				CLANG_WARN_SUSPICIOUS_MOVE = YES;
				CLANG_WARN_UNGUARDED_AVAILABILITY = YES_AGGRESSIVE;
				CLANG_WARN_UNREACHABLE_CODE = YES;
				CLANG_WARN__DUPLICATE_METHOD_MATCH = YES;
				COPY_PHASE_STRIP = NO;
				DEBUG_INFORMATION_FORMAT = dwarf;
				ENABLE_STRICT_OBJC_MSGSEND = YES;
				ENABLE_TESTABILITY = YES;
				GCC_C_LANGUAGE_STANDARD = gnu11;
				GCC_DYNAMIC_NO_PIC = NO;
				GCC_NO_COMMON_BLOCKS = YES;
				GCC_OPTIMIZATION_LEVEL = 0;
				GCC_PREPROCESSOR_DEFINITIONS = (
					"DEBUG=1",
					"$(inherited)",
				);
				GCC_WARN_64_TO_32_BIT_CONVERSION = YES;
				GCC_WARN_ABOUT_RETURN_TYPE = YES_ERROR;
				GCC_WARN_UNDECLARED_SELECTOR = YES;
				GCC_WARN_UNINITIALIZED_AUTOS = YES_AGGRESSIVE;
				GCC_WARN_UNUSED_FUNCTION = YES;
				GCC_WARN_UNUSED_VARIABLE = YES;
				INFOPLIST_KEY_CFBundleDisplayName = "";
				IPHONEOS_DEPLOYMENT_TARGET = 16.4;
				MTL_ENABLE_DEBUG_INFO = INCLUDE_SOURCE;
				MTL_FAST_MATH = YES;
				ONLY_ACTIVE_ARCH = YES;
				SDKROOT = iphoneos;
				SWIFT_ACTIVE_COMPILATION_CONDITIONS = DEBUG;
				SWIFT_OPTIMIZATION_LEVEL = "-Onone";
			};
			name = Develop;
		};
		6A8B10D32A62ED8C0076A1CF /* Develop */ = {
			isa = XCBuildConfiguration;
			baseConfigurationReference = 6A8B10D42A62EE5A0076A1CF /* Development.xcconfig */;
			buildSettings = {
				ASSETCATALOG_COMPILER_APPICON_NAME = AppIcon;
				ASSETCATALOG_COMPILER_GLOBAL_ACCENT_COLOR_NAME = AccentColor;
				CODE_SIGN_STYLE = Automatic;
				CURRENT_PROJECT_VERSION = 1;
				DEVELOPMENT_TEAM = RCUX4RDJ8Q;
				GENERATE_INFOPLIST_FILE = YES;
				INFOPLIST_FILE = ReFree/App/Info.plist;
				INFOPLIST_KEY_CFBundleDisplayName = "Re:Free";
				INFOPLIST_KEY_UIApplicationSupportsIndirectInputEvents = YES;
				INFOPLIST_KEY_UILaunchStoryboardName = LaunchScreen;
				INFOPLIST_KEY_UISupportedInterfaceOrientations_iPad = "UIInterfaceOrientationPortrait UIInterfaceOrientationPortraitUpsideDown UIInterfaceOrientationLandscapeLeft UIInterfaceOrientationLandscapeRight";
				INFOPLIST_KEY_UISupportedInterfaceOrientations_iPhone = "UIInterfaceOrientationPortrait UIInterfaceOrientationLandscapeLeft UIInterfaceOrientationLandscapeRight";
				LD_RUNPATH_SEARCH_PATHS = (
					"$(inherited)",
					"@executable_path/Frameworks",
				);
				MARKETING_VERSION = 1.0;
				PRODUCT_BUNDLE_IDENTIFIER = "$(APP_BUNDLE_NAME)";
				PRODUCT_NAME = "$(TARGET_NAME)";
				SWIFT_EMIT_LOC_STRINGS = YES;
				SWIFT_VERSION = 5.0;
				TARGETED_DEVICE_FAMILY = "1,2";
			};
			name = Develop;
		};
		6AD7E3A52A506C09007338DB /* Debug */ = {
			isa = XCBuildConfiguration;
			buildSettings = {
				ALWAYS_SEARCH_USER_PATHS = NO;
				CLANG_ANALYZER_NONNULL = YES;
				CLANG_ANALYZER_NUMBER_OBJECT_CONVERSION = YES_AGGRESSIVE;
				CLANG_CXX_LANGUAGE_STANDARD = "gnu++20";
				CLANG_ENABLE_MODULES = YES;
				CLANG_ENABLE_OBJC_ARC = YES;
				CLANG_ENABLE_OBJC_WEAK = YES;
				CLANG_WARN_BLOCK_CAPTURE_AUTORELEASING = YES;
				CLANG_WARN_BOOL_CONVERSION = YES;
				CLANG_WARN_COMMA = YES;
				CLANG_WARN_CONSTANT_CONVERSION = YES;
				CLANG_WARN_DEPRECATED_OBJC_IMPLEMENTATIONS = YES;
				CLANG_WARN_DIRECT_OBJC_ISA_USAGE = YES_ERROR;
				CLANG_WARN_DOCUMENTATION_COMMENTS = YES;
				CLANG_WARN_EMPTY_BODY = YES;
				CLANG_WARN_ENUM_CONVERSION = YES;
				CLANG_WARN_INFINITE_RECURSION = YES;
				CLANG_WARN_INT_CONVERSION = YES;
				CLANG_WARN_NON_LITERAL_NULL_CONVERSION = YES;
				CLANG_WARN_OBJC_IMPLICIT_RETAIN_SELF = YES;
				CLANG_WARN_OBJC_LITERAL_CONVERSION = YES;
				CLANG_WARN_OBJC_ROOT_CLASS = YES_ERROR;
				CLANG_WARN_QUOTED_INCLUDE_IN_FRAMEWORK_HEADER = YES;
				CLANG_WARN_RANGE_LOOP_ANALYSIS = YES;
				CLANG_WARN_STRICT_PROTOTYPES = YES;
				CLANG_WARN_SUSPICIOUS_MOVE = YES;
				CLANG_WARN_UNGUARDED_AVAILABILITY = YES_AGGRESSIVE;
				CLANG_WARN_UNREACHABLE_CODE = YES;
				CLANG_WARN__DUPLICATE_METHOD_MATCH = YES;
				COPY_PHASE_STRIP = NO;
				DEBUG_INFORMATION_FORMAT = dwarf;
				ENABLE_STRICT_OBJC_MSGSEND = YES;
				ENABLE_TESTABILITY = YES;
				GCC_C_LANGUAGE_STANDARD = gnu11;
				GCC_DYNAMIC_NO_PIC = NO;
				GCC_NO_COMMON_BLOCKS = YES;
				GCC_OPTIMIZATION_LEVEL = 0;
				GCC_PREPROCESSOR_DEFINITIONS = (
					"DEBUG=1",
					"$(inherited)",
				);
				GCC_WARN_64_TO_32_BIT_CONVERSION = YES;
				GCC_WARN_ABOUT_RETURN_TYPE = YES_ERROR;
				GCC_WARN_UNDECLARED_SELECTOR = YES;
				GCC_WARN_UNINITIALIZED_AUTOS = YES_AGGRESSIVE;
				GCC_WARN_UNUSED_FUNCTION = YES;
				GCC_WARN_UNUSED_VARIABLE = YES;
				INFOPLIST_KEY_CFBundleDisplayName = "";
				IPHONEOS_DEPLOYMENT_TARGET = 16.4;
				MTL_ENABLE_DEBUG_INFO = INCLUDE_SOURCE;
				MTL_FAST_MATH = YES;
				ONLY_ACTIVE_ARCH = YES;
				SDKROOT = iphoneos;
				SWIFT_ACTIVE_COMPILATION_CONDITIONS = DEBUG;
				SWIFT_OPTIMIZATION_LEVEL = "-Onone";
			};
			name = Debug;
		};
		6AD7E3A62A506C09007338DB /* Release */ = {
			isa = XCBuildConfiguration;
			buildSettings = {
				ALWAYS_SEARCH_USER_PATHS = NO;
				CLANG_ANALYZER_NONNULL = YES;
				CLANG_ANALYZER_NUMBER_OBJECT_CONVERSION = YES_AGGRESSIVE;
				CLANG_CXX_LANGUAGE_STANDARD = "gnu++20";
				CLANG_ENABLE_MODULES = YES;
				CLANG_ENABLE_OBJC_ARC = YES;
				CLANG_ENABLE_OBJC_WEAK = YES;
				CLANG_WARN_BLOCK_CAPTURE_AUTORELEASING = YES;
				CLANG_WARN_BOOL_CONVERSION = YES;
				CLANG_WARN_COMMA = YES;
				CLANG_WARN_CONSTANT_CONVERSION = YES;
				CLANG_WARN_DEPRECATED_OBJC_IMPLEMENTATIONS = YES;
				CLANG_WARN_DIRECT_OBJC_ISA_USAGE = YES_ERROR;
				CLANG_WARN_DOCUMENTATION_COMMENTS = YES;
				CLANG_WARN_EMPTY_BODY = YES;
				CLANG_WARN_ENUM_CONVERSION = YES;
				CLANG_WARN_INFINITE_RECURSION = YES;
				CLANG_WARN_INT_CONVERSION = YES;
				CLANG_WARN_NON_LITERAL_NULL_CONVERSION = YES;
				CLANG_WARN_OBJC_IMPLICIT_RETAIN_SELF = YES;
				CLANG_WARN_OBJC_LITERAL_CONVERSION = YES;
				CLANG_WARN_OBJC_ROOT_CLASS = YES_ERROR;
				CLANG_WARN_QUOTED_INCLUDE_IN_FRAMEWORK_HEADER = YES;
				CLANG_WARN_RANGE_LOOP_ANALYSIS = YES;
				CLANG_WARN_STRICT_PROTOTYPES = YES;
				CLANG_WARN_SUSPICIOUS_MOVE = YES;
				CLANG_WARN_UNGUARDED_AVAILABILITY = YES_AGGRESSIVE;
				CLANG_WARN_UNREACHABLE_CODE = YES;
				CLANG_WARN__DUPLICATE_METHOD_MATCH = YES;
				COPY_PHASE_STRIP = NO;
				DEBUG_INFORMATION_FORMAT = "dwarf-with-dsym";
				ENABLE_NS_ASSERTIONS = NO;
				ENABLE_STRICT_OBJC_MSGSEND = YES;
				GCC_C_LANGUAGE_STANDARD = gnu11;
				GCC_NO_COMMON_BLOCKS = YES;
				GCC_WARN_64_TO_32_BIT_CONVERSION = YES;
				GCC_WARN_ABOUT_RETURN_TYPE = YES_ERROR;
				GCC_WARN_UNDECLARED_SELECTOR = YES;
				GCC_WARN_UNINITIALIZED_AUTOS = YES_AGGRESSIVE;
				GCC_WARN_UNUSED_FUNCTION = YES;
				GCC_WARN_UNUSED_VARIABLE = YES;
				INFOPLIST_KEY_CFBundleDisplayName = "";
				IPHONEOS_DEPLOYMENT_TARGET = 16.4;
				MTL_ENABLE_DEBUG_INFO = NO;
				MTL_FAST_MATH = YES;
				SDKROOT = iphoneos;
				SWIFT_COMPILATION_MODE = wholemodule;
				SWIFT_OPTIMIZATION_LEVEL = "-O";
				VALIDATE_PRODUCT = YES;
			};
			name = Release;
		};
		6AD7E3A82A506C09007338DB /* Debug */ = {
			isa = XCBuildConfiguration;
			buildSettings = {
				ASSETCATALOG_COMPILER_APPICON_NAME = AppIcon;
				ASSETCATALOG_COMPILER_GLOBAL_ACCENT_COLOR_NAME = AccentColor;
				CODE_SIGN_STYLE = Automatic;
				CURRENT_PROJECT_VERSION = 1;
				DEVELOPMENT_TEAM = RCUX4RDJ8Q;
				GENERATE_INFOPLIST_FILE = YES;
				INFOPLIST_FILE = ReFree/App/Info.plist;
				INFOPLIST_KEY_CFBundleDisplayName = "Re:Free";
				INFOPLIST_KEY_UIApplicationSupportsIndirectInputEvents = YES;
				INFOPLIST_KEY_UILaunchStoryboardName = LaunchScreen;
				INFOPLIST_KEY_UISupportedInterfaceOrientations_iPad = "UIInterfaceOrientationPortrait UIInterfaceOrientationPortraitUpsideDown UIInterfaceOrientationLandscapeLeft UIInterfaceOrientationLandscapeRight";
				INFOPLIST_KEY_UISupportedInterfaceOrientations_iPhone = "UIInterfaceOrientationPortrait UIInterfaceOrientationLandscapeLeft UIInterfaceOrientationLandscapeRight";
				LD_RUNPATH_SEARCH_PATHS = (
					"$(inherited)",
					"@executable_path/Frameworks",
				);
				MARKETING_VERSION = 1.0;
				PRODUCT_BUNDLE_IDENTIFIER = "$(APP_BUNDLE_NAME)";
				PRODUCT_NAME = "$(TARGET_NAME)";
				SWIFT_EMIT_LOC_STRINGS = YES;
				SWIFT_VERSION = 5.0;
				TARGETED_DEVICE_FAMILY = "1,2";
			};
			name = Debug;
		};
		6AD7E3A92A506C09007338DB /* Release */ = {
			isa = XCBuildConfiguration;
			baseConfigurationReference = 6A8B10D52A62EFD80076A1CF /* Release.xcconfig */;
			buildSettings = {
				ASSETCATALOG_COMPILER_APPICON_NAME = AppIcon;
				ASSETCATALOG_COMPILER_GLOBAL_ACCENT_COLOR_NAME = AccentColor;
				CODE_SIGN_STYLE = Automatic;
				CURRENT_PROJECT_VERSION = 1;
				DEVELOPMENT_TEAM = RCUX4RDJ8Q;
				GENERATE_INFOPLIST_FILE = YES;
				INFOPLIST_FILE = ReFree/App/Info.plist;
				INFOPLIST_KEY_CFBundleDisplayName = "Re:Free";
				INFOPLIST_KEY_UIApplicationSupportsIndirectInputEvents = YES;
				INFOPLIST_KEY_UILaunchStoryboardName = LaunchScreen;
				INFOPLIST_KEY_UISupportedInterfaceOrientations_iPad = "UIInterfaceOrientationPortrait UIInterfaceOrientationPortraitUpsideDown UIInterfaceOrientationLandscapeLeft UIInterfaceOrientationLandscapeRight";
				INFOPLIST_KEY_UISupportedInterfaceOrientations_iPhone = "UIInterfaceOrientationPortrait UIInterfaceOrientationLandscapeLeft UIInterfaceOrientationLandscapeRight";
				LD_RUNPATH_SEARCH_PATHS = (
					"$(inherited)",
					"@executable_path/Frameworks",
				);
				MARKETING_VERSION = 1.0;
				PRODUCT_BUNDLE_IDENTIFIER = "$(APP_BUNDLE_NAME)";
				PRODUCT_NAME = "$(TARGET_NAME)";
				SWIFT_EMIT_LOC_STRINGS = YES;
				SWIFT_VERSION = 5.0;
				TARGETED_DEVICE_FAMILY = "1,2";
			};
			name = Release;
		};
/* End XCBuildConfiguration section */

/* Begin XCConfigurationList section */
		6AD7E38E2A506C08007338DB /* Build configuration list for PBXProject "ReFree" */ = {
			isa = XCConfigurationList;
			buildConfigurations = (
				6AD7E3A52A506C09007338DB /* Debug */,
				6A8B10D22A62ED8C0076A1CF /* Develop */,
				6AD7E3A62A506C09007338DB /* Release */,
			);
			defaultConfigurationIsVisible = 0;
			defaultConfigurationName = Release;
		};
		6AD7E3A72A506C09007338DB /* Build configuration list for PBXNativeTarget "ReFree" */ = {
			isa = XCConfigurationList;
			buildConfigurations = (
				6AD7E3A82A506C09007338DB /* Debug */,
				6A8B10D32A62ED8C0076A1CF /* Develop */,
				6AD7E3A92A506C09007338DB /* Release */,
			);
			defaultConfigurationIsVisible = 0;
			defaultConfigurationName = Release;
		};
/* End XCConfigurationList section */

/* Begin XCRemoteSwiftPackageReference section */
		6A4ED1D92A5D254600299B61 /* XCRemoteSwiftPackageReference "Then" */ = {
			isa = XCRemoteSwiftPackageReference;
			repositoryURL = "https://github.com/devxoul/Then";
			requirement = {
				kind = upToNextMajorVersion;
				minimumVersion = 3.0.0;
			};
		};
		6A9D24FE2A5EC92C0025BF3B /* XCRemoteSwiftPackageReference "RxSwift" */ = {
			isa = XCRemoteSwiftPackageReference;
			repositoryURL = "https://github.com/ReactiveX/RxSwift.git";
			requirement = {
				kind = upToNextMajorVersion;
				minimumVersion = 6.0.0;
			};
		};
		6A9D25052A5F13D70025BF3B /* XCRemoteSwiftPackageReference "RxGesture" */ = {
			isa = XCRemoteSwiftPackageReference;
			repositoryURL = "https://github.com/RxSwiftCommunity/RxGesture";
			requirement = {
				kind = upToNextMajorVersion;
				minimumVersion = 4.0.0;
			};
		};
		6AE80DBA2A507C21006CBB56 /* XCRemoteSwiftPackageReference "SnapKit" */ = {
			isa = XCRemoteSwiftPackageReference;
			repositoryURL = "https://github.com/SnapKit/SnapKit.git";
			requirement = {
				kind = upToNextMajorVersion;
				minimumVersion = 5.0.0;
			};
		};
		6AE80DC02A507C89006CBB56 /* XCRemoteSwiftPackageReference "Alamofire" */ = {
			isa = XCRemoteSwiftPackageReference;
			repositoryURL = "https://github.com/Alamofire/Alamofire.git";
			requirement = {
				kind = upToNextMajorVersion;
				minimumVersion = 5.0.0;
			};
		};
		6AE80DC92A507CDD006CBB56 /* XCRemoteSwiftPackageReference "realm-swift" */ = {
			isa = XCRemoteSwiftPackageReference;
			repositoryURL = "https://github.com/realm/realm-swift";
			requirement = {
				branch = master;
				kind = branch;
			};
		};
/* End XCRemoteSwiftPackageReference section */

/* Begin XCSwiftPackageProductDependency section */
		6A4ED1DA2A5D254600299B61 /* Then */ = {
			isa = XCSwiftPackageProductDependency;
			package = 6A4ED1D92A5D254600299B61 /* XCRemoteSwiftPackageReference "Then" */;
			productName = Then;
		};
		6A9D24FF2A5EC92C0025BF3B /* RxCocoa */ = {
			isa = XCSwiftPackageProductDependency;
			package = 6A9D24FE2A5EC92C0025BF3B /* XCRemoteSwiftPackageReference "RxSwift" */;
			productName = RxCocoa;
		};
		6A9D25012A5EC92C0025BF3B /* RxSwift */ = {
			isa = XCSwiftPackageProductDependency;
			package = 6A9D24FE2A5EC92C0025BF3B /* XCRemoteSwiftPackageReference "RxSwift" */;
			productName = RxSwift;
		};
		6A9D25062A5F13D70025BF3B /* RxGesture */ = {
			isa = XCSwiftPackageProductDependency;
			package = 6A9D25052A5F13D70025BF3B /* XCRemoteSwiftPackageReference "RxGesture" */;
			productName = RxGesture;
		};
		6AE80DBB2A507C21006CBB56 /* SnapKit */ = {
			isa = XCSwiftPackageProductDependency;
			package = 6AE80DBA2A507C21006CBB56 /* XCRemoteSwiftPackageReference "SnapKit" */;
			productName = SnapKit;
		};
		6AE80DC12A507C89006CBB56 /* Alamofire */ = {
			isa = XCSwiftPackageProductDependency;
			package = 6AE80DC02A507C89006CBB56 /* XCRemoteSwiftPackageReference "Alamofire" */;
			productName = Alamofire;
		};
		6AE80DCA2A507CDD006CBB56 /* RealmSwift */ = {
			isa = XCSwiftPackageProductDependency;
			package = 6AE80DC92A507CDD006CBB56 /* XCRemoteSwiftPackageReference "realm-swift" */;
			productName = RealmSwift;
		};
/* End XCSwiftPackageProductDependency section */
	};
	rootObject = 6AD7E38B2A506C08007338DB /* Project object */;
}
