// !$*UTF8*$!
{
	archiveVersion = 1;
	classes = {
	};
	objectVersion = 56;
	objects = {

/* Begin PBXBuildFile section */
		6A06E6122A5D1279005938DE /* RecipeViewController.swift in Sources */ = {isa = PBXBuildFile; fileRef = 6A06E6112A5D1279005938DE /* RecipeViewController.swift */; };
		6A06E6142A5D1379005938DE /* RecipeTabHeader.swift in Sources */ = {isa = PBXBuildFile; fileRef = 6A06E6132A5D1378005938DE /* RecipeTabHeader.swift */; };
		6A06E6162A5D15B2005938DE /* Constant.swift in Sources */ = {isa = PBXBuildFile; fileRef = 6A06E6152A5D15B2005938DE /* Constant.swift */; };
		6A0D30402A56C83500A9F44A /* UIView+addSubViews.swift in Sources */ = {isa = PBXBuildFile; fileRef = 6A0D303F2A56C83500A9F44A /* UIView+addSubViews.swift */; };
		6A0D30452A56C8D300A9F44A /* SignInViewController.swift in Sources */ = {isa = PBXBuildFile; fileRef = 6A0D30442A56C8D300A9F44A /* SignInViewController.swift */; };
		6A0D30472A56C8DD00A9F44A /* SignInViewModel.swift in Sources */ = {isa = PBXBuildFile; fileRef = 6A0D30462A56C8DD00A9F44A /* SignInViewModel.swift */; };
		6A2B70732A5BF056002F92EB /* UIColor+ReFreeColor.swift in Sources */ = {isa = PBXBuildFile; fileRef = 6A2B70722A5BF056002F92EB /* UIColor+ReFreeColor.swift */; };
		6A4ED1D82A5D237C00299B61 /* SearchBar.swift in Sources */ = {isa = PBXBuildFile; fileRef = 6A4ED1D72A5D237C00299B61 /* SearchBar.swift */; };
		6A4ED1DB2A5D254600299B61 /* Then in Frameworks */ = {isa = PBXBuildFile; productRef = 6A4ED1DA2A5D254600299B61 /* Then */; };
		6A4ED1DD2A5D31A800299B61 /* BadgeButton.swift in Sources */ = {isa = PBXBuildFile; fileRef = 6A4ED1DC2A5D31A800299B61 /* BadgeButton.swift */; };
		6ACEE6C62A5C92F70084C41A /* UIView+gradient.swift in Sources */ = {isa = PBXBuildFile; fileRef = 6ACEE6C52A5C92F70084C41A /* UIView+gradient.swift */; };
		6AD7E3972A506C08007338DB /* AppDelegate.swift in Sources */ = {isa = PBXBuildFile; fileRef = 6AD7E3962A506C08007338DB /* AppDelegate.swift */; };
		6AD7E3992A506C08007338DB /* SceneDelegate.swift in Sources */ = {isa = PBXBuildFile; fileRef = 6AD7E3982A506C08007338DB /* SceneDelegate.swift */; };
		6AD7E39B2A506C08007338DB /* ViewController.swift in Sources */ = {isa = PBXBuildFile; fileRef = 6AD7E39A2A506C08007338DB /* ViewController.swift */; };
		6AD7E3A02A506C09007338DB /* Assets.xcassets in Resources */ = {isa = PBXBuildFile; fileRef = 6AD7E39F2A506C09007338DB /* Assets.xcassets */; };
		6AD7E3A32A506C09007338DB /* LaunchScreen.storyboard in Resources */ = {isa = PBXBuildFile; fileRef = 6AD7E3A12A506C09007338DB /* LaunchScreen.storyboard */; };
		6AE80DBC2A507C21006CBB56 /* SnapKit in Frameworks */ = {isa = PBXBuildFile; productRef = 6AE80DBB2A507C21006CBB56 /* SnapKit */; };
		6AE80DC22A507C89006CBB56 /* Alamofire in Frameworks */ = {isa = PBXBuildFile; productRef = 6AE80DC12A507C89006CBB56 /* Alamofire */; };
		6AE80DCB2A507CDD006CBB56 /* RealmSwift in Frameworks */ = {isa = PBXBuildFile; productRef = 6AE80DCA2A507CDD006CBB56 /* RealmSwift */; };
/* End PBXBuildFile section */

/* Begin PBXFileReference section */
		6A06E6112A5D1279005938DE /* RecipeViewController.swift */ = {isa = PBXFileReference; lastKnownFileType = sourcecode.swift; path = RecipeViewController.swift; sourceTree = "<group>"; };
		6A06E6132A5D1378005938DE /* RecipeTabHeader.swift */ = {isa = PBXFileReference; lastKnownFileType = sourcecode.swift; path = RecipeTabHeader.swift; sourceTree = "<group>"; };
		6A06E6152A5D15B2005938DE /* Constant.swift */ = {isa = PBXFileReference; lastKnownFileType = sourcecode.swift; path = Constant.swift; sourceTree = "<group>"; };
		6A0D303F2A56C83500A9F44A /* UIView+addSubViews.swift */ = {isa = PBXFileReference; lastKnownFileType = sourcecode.swift; path = "UIView+addSubViews.swift"; sourceTree = "<group>"; };
		6A0D30442A56C8D300A9F44A /* SignInViewController.swift */ = {isa = PBXFileReference; lastKnownFileType = sourcecode.swift; path = SignInViewController.swift; sourceTree = "<group>"; };
		6A0D30462A56C8DD00A9F44A /* SignInViewModel.swift */ = {isa = PBXFileReference; lastKnownFileType = sourcecode.swift; path = SignInViewModel.swift; sourceTree = "<group>"; };
		6A2B70722A5BF056002F92EB /* UIColor+ReFreeColor.swift */ = {isa = PBXFileReference; lastKnownFileType = sourcecode.swift; path = "UIColor+ReFreeColor.swift"; sourceTree = "<group>"; };
		6A4ED1D72A5D237C00299B61 /* SearchBar.swift */ = {isa = PBXFileReference; lastKnownFileType = sourcecode.swift; path = SearchBar.swift; sourceTree = "<group>"; };
		6A4ED1DC2A5D31A800299B61 /* BadgeButton.swift */ = {isa = PBXFileReference; lastKnownFileType = sourcecode.swift; path = BadgeButton.swift; sourceTree = "<group>"; };
		6ACEE6C52A5C92F70084C41A /* UIView+gradient.swift */ = {isa = PBXFileReference; lastKnownFileType = sourcecode.swift; path = "UIView+gradient.swift"; sourceTree = "<group>"; };
		6AD7E3932A506C08007338DB /* ReFree.app */ = {isa = PBXFileReference; explicitFileType = wrapper.application; includeInIndex = 0; path = ReFree.app; sourceTree = BUILT_PRODUCTS_DIR; };
		6AD7E3962A506C08007338DB /* AppDelegate.swift */ = {isa = PBXFileReference; lastKnownFileType = sourcecode.swift; path = AppDelegate.swift; sourceTree = "<group>"; };
		6AD7E3982A506C08007338DB /* SceneDelegate.swift */ = {isa = PBXFileReference; lastKnownFileType = sourcecode.swift; path = SceneDelegate.swift; sourceTree = "<group>"; };
		6AD7E39A2A506C08007338DB /* ViewController.swift */ = {isa = PBXFileReference; lastKnownFileType = sourcecode.swift; path = ViewController.swift; sourceTree = "<group>"; };
		6AD7E39F2A506C09007338DB /* Assets.xcassets */ = {isa = PBXFileReference; lastKnownFileType = folder.assetcatalog; path = Assets.xcassets; sourceTree = "<group>"; };
		6AD7E3A22A506C09007338DB /* Base */ = {isa = PBXFileReference; lastKnownFileType = file.storyboard; name = Base; path = Base.lproj/LaunchScreen.storyboard; sourceTree = "<group>"; };
		6AD7E3A42A506C09007338DB /* Info.plist */ = {isa = PBXFileReference; lastKnownFileType = text.plist.xml; path = Info.plist; sourceTree = "<group>"; };
/* End PBXFileReference section */

/* Begin PBXFrameworksBuildPhase section */
		6AD7E3902A506C08007338DB /* Frameworks */ = {
			isa = PBXFrameworksBuildPhase;
			buildActionMask = 2147483647;
			files = (
				6AE80DCB2A507CDD006CBB56 /* RealmSwift in Frameworks */,
				6AE80DBC2A507C21006CBB56 /* SnapKit in Frameworks */,
				6AE80DC22A507C89006CBB56 /* Alamofire in Frameworks */,
				6A4ED1DB2A5D254600299B61 /* Then in Frameworks */,
			);
			runOnlyForDeploymentPostprocessing = 0;
		};
/* End PBXFrameworksBuildPhase section */

/* Begin PBXGroup section */
		6A06E60E2A5D1237005938DE /* Recipe */ = {
			isa = PBXGroup;
			children = (
				6A06E60F2A5D1256005938DE /* ViewController */,
				6A06E6102A5D125C005938DE /* View */,
			);
			path = Recipe;
			sourceTree = "<group>";
		};
		6A06E60F2A5D1256005938DE /* ViewController */ = {
			isa = PBXGroup;
			children = (
				6A06E6112A5D1279005938DE /* RecipeViewController.swift */,
			);
			path = ViewController;
			sourceTree = "<group>";
		};
		6A06E6102A5D125C005938DE /* View */ = {
			isa = PBXGroup;
			children = (
				6A06E6132A5D1378005938DE /* RecipeTabHeader.swift */,
				6A4ED1DC2A5D31A800299B61 /* BadgeButton.swift */,
			);
			path = View;
			sourceTree = "<group>";
		};
		6A0D303D2A56C80F00A9F44A /* Util */ = {
			isa = PBXGroup;
			children = (
				6A0D303E2A56C81800A9F44A /* Extension */,
				6A06E6152A5D15B2005938DE /* Constant.swift */,
			);
			path = Util;
			sourceTree = "<group>";
		};
		6A0D303E2A56C81800A9F44A /* Extension */ = {
			isa = PBXGroup;
			children = (
				6A0D303F2A56C83500A9F44A /* UIView+addSubViews.swift */,
				6A2B70722A5BF056002F92EB /* UIColor+ReFreeColor.swift */,
				6ACEE6C52A5C92F70084C41A /* UIView+gradient.swift */,
			);
			path = Extension;
			sourceTree = "<group>";
		};
		6A0D30412A56C88600A9F44A /* SignIn */ = {
			isa = PBXGroup;
			children = (
				6A0D30432A56C89200A9F44A /* ViewController */,
				6A0D30422A56C88F00A9F44A /* ViewModel */,
			);
			path = SignIn;
			sourceTree = "<group>";
		};
		6A0D30422A56C88F00A9F44A /* ViewModel */ = {
			isa = PBXGroup;
			children = (
				6A0D30462A56C8DD00A9F44A /* SignInViewModel.swift */,
			);
			path = ViewModel;
			sourceTree = "<group>";
		};
		6A0D30432A56C89200A9F44A /* ViewController */ = {
			isa = PBXGroup;
			children = (
				6A0D30442A56C8D300A9F44A /* SignInViewController.swift */,
			);
			path = ViewController;
			sourceTree = "<group>";
		};
		6A7234F32A507303004FCFB4 /* App */ = {
			isa = PBXGroup;
			children = (
				6AD7E3962A506C08007338DB /* AppDelegate.swift */,
				6AD7E3982A506C08007338DB /* SceneDelegate.swift */,
				6AD7E3A12A506C09007338DB /* LaunchScreen.storyboard */,
				6AD7E3A42A506C09007338DB /* Info.plist */,
			);
			path = App;
			sourceTree = "<group>";
		};
		6A7234F42A50731D004FCFB4 /* Resource */ = {
			isa = PBXGroup;
			children = (
				6AD7E39F2A506C09007338DB /* Assets.xcassets */,
			);
			path = Resource;
			sourceTree = "<group>";
		};
		6A7234F52A507334004FCFB4 /* Source */ = {
			isa = PBXGroup;
			children = (
				6A7234F62A50734A004FCFB4 /* Common */,
				6A0D30412A56C88600A9F44A /* SignIn */,
				6A06E60E2A5D1237005938DE /* Recipe */,
				6A0D303D2A56C80F00A9F44A /* Util */,
			);
			path = Source;
			sourceTree = "<group>";
		};
		6A7234F62A50734A004FCFB4 /* Common */ = {
			isa = PBXGroup;
			children = (
				6A7234F72A50734E004FCFB4 /* View */,
			);
			path = Common;
			sourceTree = "<group>";
		};
		6A7234F72A50734E004FCFB4 /* View */ = {
			isa = PBXGroup;
			children = (
				6AD7E39A2A506C08007338DB /* ViewController.swift */,
				6A4ED1D72A5D237C00299B61 /* SearchBar.swift */,
			);
			path = View;
			sourceTree = "<group>";
		};
		6AD7E38A2A506C08007338DB = {
			isa = PBXGroup;
			children = (
				6AD7E3952A506C08007338DB /* ReFree */,
				6AD7E3942A506C08007338DB /* Products */,
			);
			sourceTree = "<group>";
		};
		6AD7E3942A506C08007338DB /* Products */ = {
			isa = PBXGroup;
			children = (
				6AD7E3932A506C08007338DB /* ReFree.app */,
			);
			name = Products;
			sourceTree = "<group>";
		};
		6AD7E3952A506C08007338DB /* ReFree */ = {
			isa = PBXGroup;
			children = (
				6A7234F32A507303004FCFB4 /* App */,
				6A7234F42A50731D004FCFB4 /* Resource */,
				6A7234F52A507334004FCFB4 /* Source */,
			);
			path = ReFree;
			sourceTree = "<group>";
		};
/* End PBXGroup section */

/* Begin PBXNativeTarget section */
		6AD7E3922A506C08007338DB /* ReFree */ = {
			isa = PBXNativeTarget;
			buildConfigurationList = 6AD7E3A72A506C09007338DB /* Build configuration list for PBXNativeTarget "ReFree" */;
			buildPhases = (
				6AD7E38F2A506C08007338DB /* Sources */,
				6AD7E3902A506C08007338DB /* Frameworks */,
				6AD7E3912A506C08007338DB /* Resources */,
			);
			buildRules = (
			);
			dependencies = (
			);
			name = ReFree;
			packageProductDependencies = (
				6AE80DBB2A507C21006CBB56 /* SnapKit */,
				6AE80DC12A507C89006CBB56 /* Alamofire */,
				6AE80DCA2A507CDD006CBB56 /* RealmSwift */,
				6A4ED1DA2A5D254600299B61 /* Then */,
			);
			productName = ReFree;
			productReference = 6AD7E3932A506C08007338DB /* ReFree.app */;
			productType = "com.apple.product-type.application";
		};
/* End PBXNativeTarget section */

/* Begin PBXProject section */
		6AD7E38B2A506C08007338DB /* Project object */ = {
			isa = PBXProject;
			attributes = {
				BuildIndependentTargetsInParallel = 1;
				LastSwiftUpdateCheck = 1430;
				LastUpgradeCheck = 1430;
				TargetAttributes = {
					6AD7E3922A506C08007338DB = {
						CreatedOnToolsVersion = 14.3;
					};
				};
			};
			buildConfigurationList = 6AD7E38E2A506C08007338DB /* Build configuration list for PBXProject "ReFree" */;
			compatibilityVersion = "Xcode 14.0";
			developmentRegion = en;
			hasScannedForEncodings = 0;
			knownRegions = (
				en,
				Base,
			);
			mainGroup = 6AD7E38A2A506C08007338DB;
			packageReferences = (
				6AE80DBA2A507C21006CBB56 /* XCRemoteSwiftPackageReference "SnapKit" */,
				6AE80DC02A507C89006CBB56 /* XCRemoteSwiftPackageReference "Alamofire" */,
				6AE80DC92A507CDD006CBB56 /* XCRemoteSwiftPackageReference "realm-swift" */,
				6A4ED1D92A5D254600299B61 /* XCRemoteSwiftPackageReference "Then" */,
			);
			productRefGroup = 6AD7E3942A506C08007338DB /* Products */;
			projectDirPath = "";
			projectRoot = "";
			targets = (
				6AD7E3922A506C08007338DB /* ReFree */,
			);
		};
/* End PBXProject section */

/* Begin PBXResourcesBuildPhase section */
		6AD7E3912A506C08007338DB /* Resources */ = {
			isa = PBXResourcesBuildPhase;
			buildActionMask = 2147483647;
			files = (
				6AD7E3A32A506C09007338DB /* LaunchScreen.storyboard in Resources */,
				6AD7E3A02A506C09007338DB /* Assets.xcassets in Resources */,
			);
			runOnlyForDeploymentPostprocessing = 0;
		};
/* End PBXResourcesBuildPhase section */

/* Begin PBXSourcesBuildPhase section */
		6AD7E38F2A506C08007338DB /* Sources */ = {
			isa = PBXSourcesBuildPhase;
			buildActionMask = 2147483647;
			files = (
				6A0D30402A56C83500A9F44A /* UIView+addSubViews.swift in Sources */,
				6AD7E39B2A506C08007338DB /* ViewController.swift in Sources */,
				6ACEE6C62A5C92F70084C41A /* UIView+gradient.swift in Sources */,
				6A0D30472A56C8DD00A9F44A /* SignInViewModel.swift in Sources */,
				6AD7E3972A506C08007338DB /* AppDelegate.swift in Sources */,
				6A4ED1D82A5D237C00299B61 /* SearchBar.swift in Sources */,
				6A2B70732A5BF056002F92EB /* UIColor+ReFreeColor.swift in Sources */,
				6A06E6142A5D1379005938DE /* RecipeTabHeader.swift in Sources */,
				6A0D30452A56C8D300A9F44A /* SignInViewController.swift in Sources */,
				6A06E6162A5D15B2005938DE /* Constant.swift in Sources */,
				6AD7E3992A506C08007338DB /* SceneDelegate.swift in Sources */,
				6A4ED1DD2A5D31A800299B61 /* BadgeButton.swift in Sources */,
				6A06E6122A5D1279005938DE /* RecipeViewController.swift in Sources */,
			);
			runOnlyForDeploymentPostprocessing = 0;
		};
/* End PBXSourcesBuildPhase section */

/* Begin PBXVariantGroup section */
		6AD7E3A12A506C09007338DB /* LaunchScreen.storyboard */ = {
			isa = PBXVariantGroup;
			children = (
				6AD7E3A22A506C09007338DB /* Base */,
			);
			name = LaunchScreen.storyboard;
			sourceTree = "<group>";
		};
/* End PBXVariantGroup section */

/* Begin XCBuildConfiguration section */
		6AD7E3A52A506C09007338DB /* Debug */ = {
			isa = XCBuildConfiguration;
			buildSettings = {
				ALWAYS_SEARCH_USER_PATHS = NO;
				CLANG_ANALYZER_NONNULL = YES;
				CLANG_ANALYZER_NUMBER_OBJECT_CONVERSION = YES_AGGRESSIVE;
				CLANG_CXX_LANGUAGE_STANDARD = "gnu++20";
				CLANG_ENABLE_MODULES = YES;
				CLANG_ENABLE_OBJC_ARC = YES;
				CLANG_ENABLE_OBJC_WEAK = YES;
				CLANG_WARN_BLOCK_CAPTURE_AUTORELEASING = YES;
				CLANG_WARN_BOOL_CONVERSION = YES;
				CLANG_WARN_COMMA = YES;
				CLANG_WARN_CONSTANT_CONVERSION = YES;
				CLANG_WARN_DEPRECATED_OBJC_IMPLEMENTATIONS = YES;
				CLANG_WARN_DIRECT_OBJC_ISA_USAGE = YES_ERROR;
				CLANG_WARN_DOCUMENTATION_COMMENTS = YES;
				CLANG_WARN_EMPTY_BODY = YES;
				CLANG_WARN_ENUM_CONVERSION = YES;
				CLANG_WARN_INFINITE_RECURSION = YES;
				CLANG_WARN_INT_CONVERSION = YES;
				CLANG_WARN_NON_LITERAL_NULL_CONVERSION = YES;
				CLANG_WARN_OBJC_IMPLICIT_RETAIN_SELF = YES;
				CLANG_WARN_OBJC_LITERAL_CONVERSION = YES;
				CLANG_WARN_OBJC_ROOT_CLASS = YES_ERROR;
				CLANG_WARN_QUOTED_INCLUDE_IN_FRAMEWORK_HEADER = YES;
				CLANG_WARN_RANGE_LOOP_ANALYSIS = YES;
				CLANG_WARN_STRICT_PROTOTYPES = YES;
				CLANG_WARN_SUSPICIOUS_MOVE = YES;
				CLANG_WARN_UNGUARDED_AVAILABILITY = YES_AGGRESSIVE;
				CLANG_WARN_UNREACHABLE_CODE = YES;
				CLANG_WARN__DUPLICATE_METHOD_MATCH = YES;
				COPY_PHASE_STRIP = NO;
				DEBUG_INFORMATION_FORMAT = dwarf;
				ENABLE_STRICT_OBJC_MSGSEND = YES;
				ENABLE_TESTABILITY = YES;
				GCC_C_LANGUAGE_STANDARD = gnu11;
				GCC_DYNAMIC_NO_PIC = NO;
				GCC_NO_COMMON_BLOCKS = YES;
				GCC_OPTIMIZATION_LEVEL = 0;
				GCC_PREPROCESSOR_DEFINITIONS = (
					"DEBUG=1",
					"$(inherited)",
				);
				GCC_WARN_64_TO_32_BIT_CONVERSION = YES;
				GCC_WARN_ABOUT_RETURN_TYPE = YES_ERROR;
				GCC_WARN_UNDECLARED_SELECTOR = YES;
				GCC_WARN_UNINITIALIZED_AUTOS = YES_AGGRESSIVE;
				GCC_WARN_UNUSED_FUNCTION = YES;
				GCC_WARN_UNUSED_VARIABLE = YES;
				IPHONEOS_DEPLOYMENT_TARGET = 16.4;
				MTL_ENABLE_DEBUG_INFO = INCLUDE_SOURCE;
				MTL_FAST_MATH = YES;
				ONLY_ACTIVE_ARCH = YES;
				SDKROOT = iphoneos;
				SWIFT_ACTIVE_COMPILATION_CONDITIONS = DEBUG;
				SWIFT_OPTIMIZATION_LEVEL = "-Onone";
			};
			name = Debug;
		};
		6AD7E3A62A506C09007338DB /* Release */ = {
			isa = XCBuildConfiguration;
			buildSettings = {
				ALWAYS_SEARCH_USER_PATHS = NO;
				CLANG_ANALYZER_NONNULL = YES;
				CLANG_ANALYZER_NUMBER_OBJECT_CONVERSION = YES_AGGRESSIVE;
				CLANG_CXX_LANGUAGE_STANDARD = "gnu++20";
				CLANG_ENABLE_MODULES = YES;
				CLANG_ENABLE_OBJC_ARC = YES;
				CLANG_ENABLE_OBJC_WEAK = YES;
				CLANG_WARN_BLOCK_CAPTURE_AUTORELEASING = YES;
				CLANG_WARN_BOOL_CONVERSION = YES;
				CLANG_WARN_COMMA = YES;
				CLANG_WARN_CONSTANT_CONVERSION = YES;
				CLANG_WARN_DEPRECATED_OBJC_IMPLEMENTATIONS = YES;
				CLANG_WARN_DIRECT_OBJC_ISA_USAGE = YES_ERROR;
				CLANG_WARN_DOCUMENTATION_COMMENTS = YES;
				CLANG_WARN_EMPTY_BODY = YES;
				CLANG_WARN_ENUM_CONVERSION = YES;
				CLANG_WARN_INFINITE_RECURSION = YES;
				CLANG_WARN_INT_CONVERSION = YES;
				CLANG_WARN_NON_LITERAL_NULL_CONVERSION = YES;
				CLANG_WARN_OBJC_IMPLICIT_RETAIN_SELF = YES;
				CLANG_WARN_OBJC_LITERAL_CONVERSION = YES;
				CLANG_WARN_OBJC_ROOT_CLASS = YES_ERROR;
				CLANG_WARN_QUOTED_INCLUDE_IN_FRAMEWORK_HEADER = YES;
				CLANG_WARN_RANGE_LOOP_ANALYSIS = YES;
				CLANG_WARN_STRICT_PROTOTYPES = YES;
				CLANG_WARN_SUSPICIOUS_MOVE = YES;
				CLANG_WARN_UNGUARDED_AVAILABILITY = YES_AGGRESSIVE;
				CLANG_WARN_UNREACHABLE_CODE = YES;
				CLANG_WARN__DUPLICATE_METHOD_MATCH = YES;
				COPY_PHASE_STRIP = NO;
				DEBUG_INFORMATION_FORMAT = "dwarf-with-dsym";
				ENABLE_NS_ASSERTIONS = NO;
				ENABLE_STRICT_OBJC_MSGSEND = YES;
				GCC_C_LANGUAGE_STANDARD = gnu11;
				GCC_NO_COMMON_BLOCKS = YES;
				GCC_WARN_64_TO_32_BIT_CONVERSION = YES;
				GCC_WARN_ABOUT_RETURN_TYPE = YES_ERROR;
				GCC_WARN_UNDECLARED_SELECTOR = YES;
				GCC_WARN_UNINITIALIZED_AUTOS = YES_AGGRESSIVE;
				GCC_WARN_UNUSED_FUNCTION = YES;
				GCC_WARN_UNUSED_VARIABLE = YES;
				IPHONEOS_DEPLOYMENT_TARGET = 16.4;
				MTL_ENABLE_DEBUG_INFO = NO;
				MTL_FAST_MATH = YES;
				SDKROOT = iphoneos;
				SWIFT_COMPILATION_MODE = wholemodule;
				SWIFT_OPTIMIZATION_LEVEL = "-O";
				VALIDATE_PRODUCT = YES;
			};
			name = Release;
		};
		6AD7E3A82A506C09007338DB /* Debug */ = {
			isa = XCBuildConfiguration;
			buildSettings = {
				ASSETCATALOG_COMPILER_APPICON_NAME = AppIcon;
				ASSETCATALOG_COMPILER_GLOBAL_ACCENT_COLOR_NAME = AccentColor;
				CODE_SIGN_STYLE = Automatic;
				CURRENT_PROJECT_VERSION = 1;
				GENERATE_INFOPLIST_FILE = YES;
				INFOPLIST_FILE = ReFree/App/Info.plist;
				INFOPLIST_KEY_UIApplicationSupportsIndirectInputEvents = YES;
				INFOPLIST_KEY_UILaunchStoryboardName = LaunchScreen;
				INFOPLIST_KEY_UISupportedInterfaceOrientations_iPad = "UIInterfaceOrientationPortrait UIInterfaceOrientationPortraitUpsideDown UIInterfaceOrientationLandscapeLeft UIInterfaceOrientationLandscapeRight";
				INFOPLIST_KEY_UISupportedInterfaceOrientations_iPhone = "UIInterfaceOrientationPortrait UIInterfaceOrientationLandscapeLeft UIInterfaceOrientationLandscapeRight";
				LD_RUNPATH_SEARCH_PATHS = (
					"$(inherited)",
					"@executable_path/Frameworks",
				);
				MARKETING_VERSION = 1.0;
				PRODUCT_BUNDLE_IDENTIFIER = ReFreeiOS.ReFree;
				PRODUCT_NAME = "$(TARGET_NAME)";
				SWIFT_EMIT_LOC_STRINGS = YES;
				SWIFT_VERSION = 5.0;
				TARGETED_DEVICE_FAMILY = "1,2";
			};
			name = Debug;
		};
		6AD7E3A92A506C09007338DB /* Release */ = {
			isa = XCBuildConfiguration;
			buildSettings = {
				ASSETCATALOG_COMPILER_APPICON_NAME = AppIcon;
				ASSETCATALOG_COMPILER_GLOBAL_ACCENT_COLOR_NAME = AccentColor;
				CODE_SIGN_STYLE = Automatic;
				CURRENT_PROJECT_VERSION = 1;
				GENERATE_INFOPLIST_FILE = YES;
				INFOPLIST_FILE = ReFree/App/Info.plist;
				INFOPLIST_KEY_UIApplicationSupportsIndirectInputEvents = YES;
				INFOPLIST_KEY_UILaunchStoryboardName = LaunchScreen;
				INFOPLIST_KEY_UISupportedInterfaceOrientations_iPad = "UIInterfaceOrientationPortrait UIInterfaceOrientationPortraitUpsideDown UIInterfaceOrientationLandscapeLeft UIInterfaceOrientationLandscapeRight";
				INFOPLIST_KEY_UISupportedInterfaceOrientations_iPhone = "UIInterfaceOrientationPortrait UIInterfaceOrientationLandscapeLeft UIInterfaceOrientationLandscapeRight";
				LD_RUNPATH_SEARCH_PATHS = (
					"$(inherited)",
					"@executable_path/Frameworks",
				);
				MARKETING_VERSION = 1.0;
				PRODUCT_BUNDLE_IDENTIFIER = ReFreeiOS.ReFree;
				PRODUCT_NAME = "$(TARGET_NAME)";
				SWIFT_EMIT_LOC_STRINGS = YES;
				SWIFT_VERSION = 5.0;
				TARGETED_DEVICE_FAMILY = "1,2";
			};
			name = Release;
		};
/* End XCBuildConfiguration section */

/* Begin XCConfigurationList section */
		6AD7E38E2A506C08007338DB /* Build configuration list for PBXProject "ReFree" */ = {
			isa = XCConfigurationList;
			buildConfigurations = (
				6AD7E3A52A506C09007338DB /* Debug */,
				6AD7E3A62A506C09007338DB /* Release */,
			);
			defaultConfigurationIsVisible = 0;
			defaultConfigurationName = Release;
		};
		6AD7E3A72A506C09007338DB /* Build configuration list for PBXNativeTarget "ReFree" */ = {
			isa = XCConfigurationList;
			buildConfigurations = (
				6AD7E3A82A506C09007338DB /* Debug */,
				6AD7E3A92A506C09007338DB /* Release */,
			);
			defaultConfigurationIsVisible = 0;
			defaultConfigurationName = Release;
		};
/* End XCConfigurationList section */

/* Begin XCRemoteSwiftPackageReference section */
		6A4ED1D92A5D254600299B61 /* XCRemoteSwiftPackageReference "Then" */ = {
			isa = XCRemoteSwiftPackageReference;
			repositoryURL = "https://github.com/devxoul/Then";
			requirement = {
				kind = upToNextMajorVersion;
				minimumVersion = 3.0.0;
			};
		};
		6AE80DBA2A507C21006CBB56 /* XCRemoteSwiftPackageReference "SnapKit" */ = {
			isa = XCRemoteSwiftPackageReference;
			repositoryURL = "https://github.com/SnapKit/SnapKit.git";
			requirement = {
				kind = upToNextMajorVersion;
				minimumVersion = 5.0.0;
			};
		};
		6AE80DC02A507C89006CBB56 /* XCRemoteSwiftPackageReference "Alamofire" */ = {
			isa = XCRemoteSwiftPackageReference;
			repositoryURL = "https://github.com/Alamofire/Alamofire.git";
			requirement = {
				kind = upToNextMajorVersion;
				minimumVersion = 5.0.0;
			};
		};
		6AE80DC92A507CDD006CBB56 /* XCRemoteSwiftPackageReference "realm-swift" */ = {
			isa = XCRemoteSwiftPackageReference;
			repositoryURL = "https://github.com/realm/realm-swift";
			requirement = {
				branch = master;
				kind = branch;
			};
		};
/* End XCRemoteSwiftPackageReference section */

/* Begin XCSwiftPackageProductDependency section */
		6A4ED1DA2A5D254600299B61 /* Then */ = {
			isa = XCSwiftPackageProductDependency;
			package = 6A4ED1D92A5D254600299B61 /* XCRemoteSwiftPackageReference "Then" */;
			productName = Then;
		};
		6AE80DBB2A507C21006CBB56 /* SnapKit */ = {
			isa = XCSwiftPackageProductDependency;
			package = 6AE80DBA2A507C21006CBB56 /* XCRemoteSwiftPackageReference "SnapKit" */;
			productName = SnapKit;
		};
		6AE80DC12A507C89006CBB56 /* Alamofire */ = {
			isa = XCSwiftPackageProductDependency;
			package = 6AE80DC02A507C89006CBB56 /* XCRemoteSwiftPackageReference "Alamofire" */;
			productName = Alamofire;
		};
		6AE80DCA2A507CDD006CBB56 /* RealmSwift */ = {
			isa = XCSwiftPackageProductDependency;
			package = 6AE80DC92A507CDD006CBB56 /* XCRemoteSwiftPackageReference "realm-swift" */;
			productName = RealmSwift;
		};
/* End XCSwiftPackageProductDependency section */
	};
	rootObject = 6AD7E38B2A506C08007338DB /* Project object */;
}
