// !$*UTF8*$!
{
	archiveVersion = 1;
	classes = {
	};
	objectVersion = 56;
	objects = {

/* Begin PBXBuildFile section */
		0213D7012A828DD8003799E5 /* ValidationCheck.swift in Sources */ = {isa = PBXBuildFile; fileRef = 0213D7002A828DD8003799E5 /* ValidationCheck.swift */; };
		02ADE93B2A6136920017B69D /* HomeViewController.swift in Sources */ = {isa = PBXBuildFile; fileRef = 02ADE93A2A6136920017B69D /* HomeViewController.swift */; };
		02ADE93D2A6136AA0017B69D /* HomeTabHeader.swift in Sources */ = {isa = PBXBuildFile; fileRef = 02ADE93C2A6136AA0017B69D /* HomeTabHeader.swift */; };
		02B526C72A66A3260046D46E /* LogInViewController.swift in Sources */ = {isa = PBXBuildFile; fileRef = 02B526C62A66A3260046D46E /* LogInViewController.swift */; };
		02B526C92A66D6280046D46E /* LogInTextField.swift in Sources */ = {isa = PBXBuildFile; fileRef = 02B526C82A66D6280046D46E /* LogInTextField.swift */; };
		02B526CB2A66E1510046D46E /* LogInButton.swift in Sources */ = {isa = PBXBuildFile; fileRef = 02B526CA2A66E1510046D46E /* LogInButton.swift */; };
		02B526CD2A6702130046D46E /* LogInStackViewBackground.swift in Sources */ = {isa = PBXBuildFile; fileRef = 02B526CC2A6702130046D46E /* LogInStackViewBackground.swift */; };
		02B526D12A6A2DD00046D46E /* EmailSearchViewController.swift in Sources */ = {isa = PBXBuildFile; fileRef = 02B526D02A6A2DD00046D46E /* EmailSearchViewController.swift */; };
		02B526D32A6A369E0046D46E /* PasswordFindTabHeader.swift in Sources */ = {isa = PBXBuildFile; fileRef = 02B526D22A6A369E0046D46E /* PasswordFindTabHeader.swift */; };
		02B526D52A6A5CAE0046D46E /* PasswordChangeViewController.swift in Sources */ = {isa = PBXBuildFile; fileRef = 02B526D42A6A5CAE0046D46E /* PasswordChangeViewController.swift */; };
		02B526D92A6E978B0046D46E /* FoodTableViewCell.swift in Sources */ = {isa = PBXBuildFile; fileRef = 02B526D82A6E978B0046D46E /* FoodTableViewCell.swift */; };
		2E2916042A825C76006D2C1F /* AuthenticationCodeViewController.swift in Sources */ = {isa = PBXBuildFile; fileRef = 2E2916032A825C76006D2C1F /* AuthenticationCodeViewController.swift */; };
		2E35BAE12A6C0C4100D3C74C /* Development.xcconfig in Resources */ = {isa = PBXBuildFile; fileRef = 2E35BADF2A6C0C4100D3C74C /* Development.xcconfig */; };
		2E35BAE22A6C0C4100D3C74C /* Release.xcconfig in Resources */ = {isa = PBXBuildFile; fileRef = 2E35BAE02A6C0C4100D3C74C /* Release.xcconfig */; };
		2E35BAE82A6C0F3700D3C74C /* RefrigeratorTabHeader.swift in Sources */ = {isa = PBXBuildFile; fileRef = 2E35BAE52A6C0F3700D3C74C /* RefrigeratorTabHeader.swift */; };
		2E35BAE92A6C0F3700D3C74C /* RefrigeratorViewController.swift in Sources */ = {isa = PBXBuildFile; fileRef = 2E35BAE72A6C0F3700D3C74C /* RefrigeratorViewController.swift */; };
		2E35BAED2A6C0FB500D3C74C /* SignUpViewController.swift in Sources */ = {isa = PBXBuildFile; fileRef = 2E35BAEB2A6C0FB500D3C74C /* SignUpViewController.swift */; };
		2E35BAEE2A6C0FB500D3C74C /* SignUpCompleteViewController.swift in Sources */ = {isa = PBXBuildFile; fileRef = 2E35BAEC2A6C0FB500D3C74C /* SignUpCompleteViewController.swift */; };
		2E35BAF02A6C100E00D3C74C /* UIView+UIScreen.swift in Sources */ = {isa = PBXBuildFile; fileRef = 2E35BAEF2A6C100E00D3C74C /* UIView+UIScreen.swift */; };
		2EC015362A7404EF00882246 /* RefrigeratorListCell.swift in Sources */ = {isa = PBXBuildFile; fileRef = 2EC015352A7404EF00882246 /* RefrigeratorListCell.swift */; };
		2EC5B8B92A73D37500B83C92 /* UIView+alignBtnTextBelow.swift in Sources */ = {isa = PBXBuildFile; fileRef = 2EC5B8B82A73D37500B83C92 /* UIView+alignBtnTextBelow.swift */; };
		6A06E6122A5D1279005938DE /* RecipeViewController.swift in Sources */ = {isa = PBXBuildFile; fileRef = 6A06E6112A5D1279005938DE /* RecipeViewController.swift */; };
		6A06E6142A5D1379005938DE /* RecipeTabHeader.swift in Sources */ = {isa = PBXBuildFile; fileRef = 6A06E6132A5D1378005938DE /* RecipeTabHeader.swift */; };
		6A06E6162A5D15B2005938DE /* Constant.swift in Sources */ = {isa = PBXBuildFile; fileRef = 6A06E6152A5D15B2005938DE /* Constant.swift */; };
		6A0D30402A56C83500A9F44A /* UIView+addSubViews.swift in Sources */ = {isa = PBXBuildFile; fileRef = 6A0D303F2A56C83500A9F44A /* UIView+addSubViews.swift */; };
		6A17A4262A6A644F001F0563 /* LaunchImage.png in Resources */ = {isa = PBXBuildFile; fileRef = 6A17A4252A6A644F001F0563 /* LaunchImage.png */; };
		6A17A4282A6A6702001F0563 /* LaunchScreenView.swift in Sources */ = {isa = PBXBuildFile; fileRef = 6A17A4272A6A6702001F0563 /* LaunchScreenView.swift */; };
		6A17A42D2A6AE33D001F0563 /* Lottie in Frameworks */ = {isa = PBXBuildFile; productRef = 6A17A42C2A6AE33D001F0563 /* Lottie */; };
		6A17A4302A6AE42E001F0563 /* Kingfisher in Frameworks */ = {isa = PBXBuildFile; productRef = 6A17A42F2A6AE42E001F0563 /* Kingfisher */; };
		6A1C0EBA2A61427400A7C1C1 /* UIFont+Pretendard.swift in Sources */ = {isa = PBXBuildFile; fileRef = 6A1C0EB92A61427400A7C1C1 /* UIFont+Pretendard.swift */; };
		6A2B70732A5BF056002F92EB /* UIColor+ReFreeColor.swift in Sources */ = {isa = PBXBuildFile; fileRef = 6A2B70722A5BF056002F92EB /* UIColor+ReFreeColor.swift */; };
		6A3ADA5B2A63E99200D6D49A /* HomeTabViewController.swift in Sources */ = {isa = PBXBuildFile; fileRef = 6A3ADA5A2A63E99200D6D49A /* HomeTabViewController.swift */; };
		6A4781292A7C1A2A004C55D0 /* RFModalParentViewController.swift in Sources */ = {isa = PBXBuildFile; fileRef = 6A4781282A7C1A2A004C55D0 /* RFModalParentViewController.swift */; };
		6A4ED1D82A5D237C00299B61 /* RFSearchBar.swift in Sources */ = {isa = PBXBuildFile; fileRef = 6A4ED1D72A5D237C00299B61 /* RFSearchBar.swift */; };
		6A4ED1DB2A5D254600299B61 /* Then in Frameworks */ = {isa = PBXBuildFile; productRef = 6A4ED1DA2A5D254600299B61 /* Then */; };
		6A4ED1DD2A5D31A800299B61 /* BadgeButton.swift in Sources */ = {isa = PBXBuildFile; fileRef = 6A4ED1DC2A5D31A800299B61 /* BadgeButton.swift */; };
		6A4ED1DF2A5D402700299B61 /* UITextFiled+Attribute.swift in Sources */ = {isa = PBXBuildFile; fileRef = 6A4ED1DE2A5D402700299B61 /* UITextFiled+Attribute.swift */; };
		6A4ED1E12A5D432900299B61 /* UIVIew+Shadow.swift in Sources */ = {isa = PBXBuildFile; fileRef = 6A4ED1E02A5D432900299B61 /* UIVIew+Shadow.swift */; };
		6A4ED1E52A5D4B4600299B61 /* CarouselCell.swift in Sources */ = {isa = PBXBuildFile; fileRef = 6A4ED1E42A5D4B4600299B61 /* CarouselCell.swift */; };
		6A4ED1E72A5D4E0D00299B61 /* Identifiable.swift in Sources */ = {isa = PBXBuildFile; fileRef = 6A4ED1E62A5D4E0D00299B61 /* Identifiable.swift */; };
		6A51C50F2A7818D300FF5341 /* RecipeRepository.swift in Sources */ = {isa = PBXBuildFile; fileRef = 6A51C50E2A7818D300FF5341 /* RecipeRepository.swift */; };
		6A51C5112A781A7F00FF5341 /* CommonResponse.swift in Sources */ = {isa = PBXBuildFile; fileRef = 6A51C5102A781A7F00FF5341 /* CommonResponse.swift */; };
		6A51C5132A7823B100FF5341 /* IngredientRepository.swift in Sources */ = {isa = PBXBuildFile; fileRef = 6A51C5122A7823B100FF5341 /* IngredientRepository.swift */; };
		6A51C5152A7823B900FF5341 /* SignRepository.swift in Sources */ = {isa = PBXBuildFile; fileRef = 6A51C5142A7823B900FF5341 /* SignRepository.swift */; };
		6A51C5172A78E37000FF5341 /* IngredientResponseDTO.swift in Sources */ = {isa = PBXBuildFile; fileRef = 6A51C5162A78E37000FF5341 /* IngredientResponseDTO.swift */; };
		6A51C51B2A79196800FF5341 /* MockupData.swift in Sources */ = {isa = PBXBuildFile; fileRef = 6A51C51A2A79196800FF5341 /* MockupData.swift */; };
		6A5E934B2A7513E4006659E2 /* RegisterIngredientViewController.swift in Sources */ = {isa = PBXBuildFile; fileRef = 6A5E934A2A7513E4006659E2 /* RegisterIngredientViewController.swift */; };
		6A5E934D2A751434006659E2 /* CameraView.swift in Sources */ = {isa = PBXBuildFile; fileRef = 6A5E934C2A751434006659E2 /* CameraView.swift */; };
		6A5E934F2A75143D006659E2 /* IngredientInfoView.swift in Sources */ = {isa = PBXBuildFile; fileRef = 6A5E934E2A75143D006659E2 /* IngredientInfoView.swift */; };
		6A5F07172A73DDC700526B18 /* SignInRequestDTO.swift in Sources */ = {isa = PBXBuildFile; fileRef = 6A5F07162A73DDC700526B18 /* SignInRequestDTO.swift */; };
		6A5F07192A73DEAE00526B18 /* CommonResponseDTO.swift in Sources */ = {isa = PBXBuildFile; fileRef = 6A5F07182A73DEAE00526B18 /* CommonResponseDTO.swift */; };
		6A5F071B2A73DED100526B18 /* SignUpRequestDTO.swift in Sources */ = {isa = PBXBuildFile; fileRef = 6A5F071A2A73DED100526B18 /* SignUpRequestDTO.swift */; };
		6A5F071D2A73DF2A00526B18 /* FindPasswordRequestDTO.swift in Sources */ = {isa = PBXBuildFile; fileRef = 6A5F071C2A73DF2A00526B18 /* FindPasswordRequestDTO.swift */; };
		6A5F071F2A73DF5B00526B18 /* ModifyPasswordRequestDTO.swift in Sources */ = {isa = PBXBuildFile; fileRef = 6A5F071E2A73DF5B00526B18 /* ModifyPasswordRequestDTO.swift */; };
		6A5F07212A73E0AC00526B18 /* SaveIngredientRequestDTO.swift in Sources */ = {isa = PBXBuildFile; fileRef = 6A5F07202A73E0AC00526B18 /* SaveIngredientRequestDTO.swift */; };
		6A5F07232A7407BA00526B18 /* NetworkSign.swift in Sources */ = {isa = PBXBuildFile; fileRef = 6A5F07222A7407BA00526B18 /* NetworkSign.swift */; };
		6A5F07292A740E9800526B18 /* NetworkIngredient.swift in Sources */ = {isa = PBXBuildFile; fileRef = 6A5F07282A740E9800526B18 /* NetworkIngredient.swift */; };
		6A63A0782A66CAC1008EA0DC /* RecipeListCell.swift in Sources */ = {isa = PBXBuildFile; fileRef = 6A63A0772A66CAC1008EA0DC /* RecipeListCell.swift */; };
		6A63C1E32A66B3E000E69D06 /* KindRecipeViewController.swift in Sources */ = {isa = PBXBuildFile; fileRef = 6A63C1E22A66B3E000E69D06 /* KindRecipeViewController.swift */; };
		6A770C7D2A8A30C300668794 /* WebViewController.swift in Sources */ = {isa = PBXBuildFile; fileRef = 6A770C7C2A8A30C300668794 /* WebViewController.swift */; };
		6A7F8B9F2A6C2E1200DB38BD /* LoadingAnimation.json in Resources */ = {isa = PBXBuildFile; fileRef = 6A7F8B9E2A6C2E1200DB38BD /* LoadingAnimation.json */; };
		6A7F8BA12A6C301500DB38BD /* LoadingView.swift in Sources */ = {isa = PBXBuildFile; fileRef = 6A7F8BA02A6C301500DB38BD /* LoadingView.swift */; };
		6A894D0D2A5F310200B053A5 /* RFModalViewController.swift in Sources */ = {isa = PBXBuildFile; fileRef = 6A894D0C2A5F310200B053A5 /* RFModalViewController.swift */; };
		6A8B10D12A62EABC0076A1CF /* KeyChain.swift in Sources */ = {isa = PBXBuildFile; fileRef = 6A8B10D02A62EABC0076A1CF /* KeyChain.swift */; };
		6A8C53FA2A6136D5001EC332 /* PRETENDARD-EXTRALIGHT.TTF in Resources */ = {isa = PBXBuildFile; fileRef = 6A8C53F62A6136D4001EC332 /* PRETENDARD-EXTRALIGHT.TTF */; };
		6A8C53FB2A6136D5001EC332 /* PRETENDARD-BLACK.TTF in Resources */ = {isa = PBXBuildFile; fileRef = 6A8C53F72A6136D4001EC332 /* PRETENDARD-BLACK.TTF */; };
		6A8C53FC2A6136D5001EC332 /* PRETENDARD-EXTRABOLD.TTF in Resources */ = {isa = PBXBuildFile; fileRef = 6A8C53F82A6136D4001EC332 /* PRETENDARD-EXTRABOLD.TTF */; };
		6A8C53FD2A6136D5001EC332 /* PRETENDARD-BOLD.TTF in Resources */ = {isa = PBXBuildFile; fileRef = 6A8C53F92A6136D5001EC332 /* PRETENDARD-BOLD.TTF */; };
		6A9CDCDF2A6539680003F618 /* TargetProtocol.swift in Sources */ = {isa = PBXBuildFile; fileRef = 6A9CDCDE2A6539680003F618 /* TargetProtocol.swift */; };
		6A9CDCE12A6551230003F618 /* Network.swift in Sources */ = {isa = PBXBuildFile; fileRef = 6A9CDCE02A6551230003F618 /* Network.swift */; };
		6A9CDCE32A6557950003F618 /* NetworkTest.swift in Sources */ = {isa = PBXBuildFile; fileRef = 6A9CDCE22A6557950003F618 /* NetworkTest.swift */; };
		6A9D24FB2A5DC9AD0025BF3B /* RecipeSidebarView.swift in Sources */ = {isa = PBXBuildFile; fileRef = 6A9D24FA2A5DC9AD0025BF3B /* RecipeSidebarView.swift */; };
		6A9D24FD2A5DCA030025BF3B /* FoodKindView.swift in Sources */ = {isa = PBXBuildFile; fileRef = 6A9D24FC2A5DCA030025BF3B /* FoodKindView.swift */; };
		6A9D25002A5EC92C0025BF3B /* RxCocoa in Frameworks */ = {isa = PBXBuildFile; productRef = 6A9D24FF2A5EC92C0025BF3B /* RxCocoa */; };
		6A9D25022A5EC92C0025BF3B /* RxSwift in Frameworks */ = {isa = PBXBuildFile; productRef = 6A9D25012A5EC92C0025BF3B /* RxSwift */; };
		6A9D25072A5F13D70025BF3B /* RxGesture in Frameworks */ = {isa = PBXBuildFile; productRef = 6A9D25062A5F13D70025BF3B /* RxGesture */; };
		6AA335E92A606F510037A2C1 /* IngredientDetailView.swift in Sources */ = {isa = PBXBuildFile; fileRef = 6AA335E82A606F510037A2C1 /* IngredientDetailView.swift */; };
		6AA335EB2A6070AB0037A2C1 /* UIView+StackView.swift in Sources */ = {isa = PBXBuildFile; fileRef = 6AA335EA2A6070AB0037A2C1 /* UIView+StackView.swift */; };
		6AA335EE2A6106290037A2C1 /* DetailStackView.swift in Sources */ = {isa = PBXBuildFile; fileRef = 6AA335ED2A6106290037A2C1 /* DetailStackView.swift */; };
		6AA335F02A61066D0037A2C1 /* LineView.swift in Sources */ = {isa = PBXBuildFile; fileRef = 6AA335EF2A61066D0037A2C1 /* LineView.swift */; };
		6AA94EC62A825FF8001489CD /* NetworkImage.swift in Sources */ = {isa = PBXBuildFile; fileRef = 6AA94EC52A825FF8001489CD /* NetworkImage.swift */; };
		6AA94EC82A82B12A001489CD /* Date+String.swift in Sources */ = {isa = PBXBuildFile; fileRef = 6AA94EC72A82B12A001489CD /* Date+String.swift */; };
		6AC1A0472A88E8F9004652B0 /* ExtendInfoView.swift in Sources */ = {isa = PBXBuildFile; fileRef = 6AC1A0462A88E8F9004652B0 /* ExtendInfoView.swift */; };
		6AC1A0492A88FB51004652B0 /* UIViewController+addsubViewToWindow.swift in Sources */ = {isa = PBXBuildFile; fileRef = 6AC1A0482A88FB51004652B0 /* UIViewController+addsubViewToWindow.swift */; };
		6AC1A04B2A88FC75004652B0 /* UIView+addSubviewToWindow.swift in Sources */ = {isa = PBXBuildFile; fileRef = 6AC1A04A2A88FC75004652B0 /* UIView+addSubviewToWindow.swift */; };
		6AC1A04D2A8922F3004652B0 /* UIView+Image.swift in Sources */ = {isa = PBXBuildFile; fileRef = 6AC1A04C2A8922F3004652B0 /* UIView+Image.swift */; };
		6AC1A04F2A8A08F4004652B0 /* SignAgreementViewController.swift in Sources */ = {isa = PBXBuildFile; fileRef = 6AC1A04E2A8A08F4004652B0 /* SignAgreementViewController.swift */; };
		6AC1A0522A8A092E004652B0 /* SettingViewController.swift in Sources */ = {isa = PBXBuildFile; fileRef = 6AC1A0512A8A092E004652B0 /* SettingViewController.swift */; };
		6AC48A8E2A73C902009F647B /* RecipeResponseDTO.swift in Sources */ = {isa = PBXBuildFile; fileRef = 6AC48A8D2A73C902009F647B /* RecipeResponseDTO.swift */; };
		6AC48A922A73CB5C009F647B /* NetworkRecipe.swift in Sources */ = {isa = PBXBuildFile; fileRef = 6AC48A912A73CB5C009F647B /* NetworkRecipe.swift */; };
		6AC48A942A73D07B009F647B /* NetworkError.swift in Sources */ = {isa = PBXBuildFile; fileRef = 6AC48A932A73D07B009F647B /* NetworkError.swift */; };
		6ACEE6C62A5C92F70084C41A /* UIView+gradient.swift in Sources */ = {isa = PBXBuildFile; fileRef = 6ACEE6C52A5C92F70084C41A /* UIView+gradient.swift */; };
		6AD7E3972A506C08007338DB /* AppDelegate.swift in Sources */ = {isa = PBXBuildFile; fileRef = 6AD7E3962A506C08007338DB /* AppDelegate.swift */; };
		6AD7E3992A506C08007338DB /* SceneDelegate.swift in Sources */ = {isa = PBXBuildFile; fileRef = 6AD7E3982A506C08007338DB /* SceneDelegate.swift */; };
		6AD7E3A02A506C09007338DB /* Assets.xcassets in Resources */ = {isa = PBXBuildFile; fileRef = 6AD7E39F2A506C09007338DB /* Assets.xcassets */; };
		6AD7E3A32A506C09007338DB /* LaunchScreen.storyboard in Resources */ = {isa = PBXBuildFile; fileRef = 6AD7E3A12A506C09007338DB /* LaunchScreen.storyboard */; };
		6ADB30EE2A765F7D00F48549 /* PaddingLabel.swift in Sources */ = {isa = PBXBuildFile; fileRef = 6ADB30ED2A765F7D00F48549 /* PaddingLabel.swift */; };
		6ADBAD602A7542FF009821AE /* AlertView.swift in Sources */ = {isa = PBXBuildFile; fileRef = 6ADBAD5F2A7542FF009821AE /* AlertView.swift */; };
		6AE16DC12A7114C3008D0C3C /* Recipe.swift in Sources */ = {isa = PBXBuildFile; fileRef = 6AE16DC02A7114C3008D0C3C /* Recipe.swift */; };
		6AE16DC32A711595008D0C3C /* Ingredient.swift in Sources */ = {isa = PBXBuildFile; fileRef = 6AE16DC22A711595008D0C3C /* Ingredient.swift */; };
		6AE16DC52A711642008D0C3C /* UserInfo.swift in Sources */ = {isa = PBXBuildFile; fileRef = 6AE16DC42A711642008D0C3C /* UserInfo.swift */; };
		6AE5A99A2A865B7D005FBC47 /* UIView+ResponseCheck.swift in Sources */ = {isa = PBXBuildFile; fileRef = 6AE5A9992A865B7D005FBC47 /* UIView+ResponseCheck.swift */; };
		6AE5A9A02A87BEA9005FBC47 /* UIViewController+ResponseCheck.swift in Sources */ = {isa = PBXBuildFile; fileRef = 6AE5A99F2A87BEA9005FBC47 /* UIViewController+ResponseCheck.swift */; };
		6AE5A9A22A87D02E005FBC47 /* UINavigationController+Init.swift in Sources */ = {isa = PBXBuildFile; fileRef = 6AE5A9A12A87D02E005FBC47 /* UINavigationController+Init.swift */; };
		6AE5A9A82A880984005FBC47 /* UserRepository.swift in Sources */ = {isa = PBXBuildFile; fileRef = 6AE5A9A72A880984005FBC47 /* UserRepository.swift */; };
		6AE80DBC2A507C21006CBB56 /* SnapKit in Frameworks */ = {isa = PBXBuildFile; productRef = 6AE80DBB2A507C21006CBB56 /* SnapKit */; };
		6AE80DC22A507C89006CBB56 /* Alamofire in Frameworks */ = {isa = PBXBuildFile; productRef = 6AE80DC12A507C89006CBB56 /* Alamofire */; };
		6AE80DCB2A507CDD006CBB56 /* RealmSwift in Frameworks */ = {isa = PBXBuildFile; productRef = 6AE80DCA2A507CDD006CBB56 /* RealmSwift */; };
		6AF713C32A76D68700F4CF96 /* CategorySelectViewController.swift in Sources */ = {isa = PBXBuildFile; fileRef = 6AF713C22A76D68700F4CF96 /* CategorySelectViewController.swift */; };
		6AF713C52A77745800F4CF96 /* CategoryTableViewCell.swift in Sources */ = {isa = PBXBuildFile; fileRef = 6AF713C42A77745800F4CF96 /* CategoryTableViewCell.swift */; };
		6AF713C72A778BE000F4CF96 /* CategorySelectLabel.swift in Sources */ = {isa = PBXBuildFile; fileRef = 6AF713C62A778BE000F4CF96 /* CategorySelectLabel.swift */; };
		6AF713C92A77AE3D00F4CF96 /* Alert.swift in Sources */ = {isa = PBXBuildFile; fileRef = 6AF713C82A77AE3D00F4CF96 /* Alert.swift */; };
		6AFE1B652A7A3BAB0049D523 /* AppInitViewController.swift in Sources */ = {isa = PBXBuildFile; fileRef = 6AFE1B642A7A3BAB0049D523 /* AppInitViewController.swift */; };
		6AFFE7512A64128400744182 /* RecipeDetailCell.swift in Sources */ = {isa = PBXBuildFile; fileRef = 6AFFE7502A64128400744182 /* RecipeDetailCell.swift */; };
		6AFFE7532A6412CC00744182 /* RecipeDetailHeaderView.swift in Sources */ = {isa = PBXBuildFile; fileRef = 6AFFE7522A6412CC00744182 /* RecipeDetailHeaderView.swift */; };
		6AFFE7552A64785500744182 /* RecipeDetailView.swift in Sources */ = {isa = PBXBuildFile; fileRef = 6AFFE7542A64785500744182 /* RecipeDetailView.swift */; };
/* End PBXBuildFile section */

/* Begin PBXFileReference section */
		0213D7002A828DD8003799E5 /* ValidationCheck.swift */ = {isa = PBXFileReference; lastKnownFileType = sourcecode.swift; path = ValidationCheck.swift; sourceTree = "<group>"; };
		02ADE93A2A6136920017B69D /* HomeViewController.swift */ = {isa = PBXFileReference; lastKnownFileType = sourcecode.swift; path = HomeViewController.swift; sourceTree = "<group>"; };
		02ADE93C2A6136AA0017B69D /* HomeTabHeader.swift */ = {isa = PBXFileReference; lastKnownFileType = sourcecode.swift; path = HomeTabHeader.swift; sourceTree = "<group>"; };
		02B526C62A66A3260046D46E /* LogInViewController.swift */ = {isa = PBXFileReference; lastKnownFileType = sourcecode.swift; path = LogInViewController.swift; sourceTree = "<group>"; };
		02B526C82A66D6280046D46E /* LogInTextField.swift */ = {isa = PBXFileReference; lastKnownFileType = sourcecode.swift; path = LogInTextField.swift; sourceTree = "<group>"; };
		02B526CA2A66E1510046D46E /* LogInButton.swift */ = {isa = PBXFileReference; lastKnownFileType = sourcecode.swift; path = LogInButton.swift; sourceTree = "<group>"; };
		02B526CC2A6702130046D46E /* LogInStackViewBackground.swift */ = {isa = PBXFileReference; lastKnownFileType = sourcecode.swift; path = LogInStackViewBackground.swift; sourceTree = "<group>"; };
		02B526D02A6A2DD00046D46E /* EmailSearchViewController.swift */ = {isa = PBXFileReference; lastKnownFileType = sourcecode.swift; path = EmailSearchViewController.swift; sourceTree = "<group>"; };
		02B526D22A6A369E0046D46E /* PasswordFindTabHeader.swift */ = {isa = PBXFileReference; lastKnownFileType = sourcecode.swift; path = PasswordFindTabHeader.swift; sourceTree = "<group>"; };
		02B526D42A6A5CAE0046D46E /* PasswordChangeViewController.swift */ = {isa = PBXFileReference; lastKnownFileType = sourcecode.swift; path = PasswordChangeViewController.swift; sourceTree = "<group>"; };
		02B526D82A6E978B0046D46E /* FoodTableViewCell.swift */ = {isa = PBXFileReference; lastKnownFileType = sourcecode.swift; path = FoodTableViewCell.swift; sourceTree = "<group>"; };
		2E2916032A825C76006D2C1F /* AuthenticationCodeViewController.swift */ = {isa = PBXFileReference; lastKnownFileType = sourcecode.swift; path = AuthenticationCodeViewController.swift; sourceTree = "<group>"; };
		2E35BADF2A6C0C4100D3C74C /* Development.xcconfig */ = {isa = PBXFileReference; fileEncoding = 4; lastKnownFileType = text.xcconfig; path = Development.xcconfig; sourceTree = "<group>"; };
		2E35BAE02A6C0C4100D3C74C /* Release.xcconfig */ = {isa = PBXFileReference; fileEncoding = 4; lastKnownFileType = text.xcconfig; path = Release.xcconfig; sourceTree = "<group>"; };
		2E35BAE52A6C0F3700D3C74C /* RefrigeratorTabHeader.swift */ = {isa = PBXFileReference; fileEncoding = 4; lastKnownFileType = sourcecode.swift; path = RefrigeratorTabHeader.swift; sourceTree = "<group>"; };
		2E35BAE72A6C0F3700D3C74C /* RefrigeratorViewController.swift */ = {isa = PBXFileReference; fileEncoding = 4; lastKnownFileType = sourcecode.swift; path = RefrigeratorViewController.swift; sourceTree = "<group>"; };
		2E35BAEB2A6C0FB500D3C74C /* SignUpViewController.swift */ = {isa = PBXFileReference; fileEncoding = 4; lastKnownFileType = sourcecode.swift; path = SignUpViewController.swift; sourceTree = "<group>"; };
		2E35BAEC2A6C0FB500D3C74C /* SignUpCompleteViewController.swift */ = {isa = PBXFileReference; fileEncoding = 4; lastKnownFileType = sourcecode.swift; path = SignUpCompleteViewController.swift; sourceTree = "<group>"; };
		2E35BAEF2A6C100E00D3C74C /* UIView+UIScreen.swift */ = {isa = PBXFileReference; fileEncoding = 4; lastKnownFileType = sourcecode.swift; path = "UIView+UIScreen.swift"; sourceTree = "<group>"; };
		2EC015352A7404EF00882246 /* RefrigeratorListCell.swift */ = {isa = PBXFileReference; lastKnownFileType = sourcecode.swift; path = RefrigeratorListCell.swift; sourceTree = "<group>"; };
		2EC5B8B82A73D37500B83C92 /* UIView+alignBtnTextBelow.swift */ = {isa = PBXFileReference; lastKnownFileType = sourcecode.swift; path = "UIView+alignBtnTextBelow.swift"; sourceTree = "<group>"; };
		6A06E6112A5D1279005938DE /* RecipeViewController.swift */ = {isa = PBXFileReference; lastKnownFileType = sourcecode.swift; path = RecipeViewController.swift; sourceTree = "<group>"; };
		6A06E6132A5D1378005938DE /* RecipeTabHeader.swift */ = {isa = PBXFileReference; lastKnownFileType = sourcecode.swift; path = RecipeTabHeader.swift; sourceTree = "<group>"; };
		6A06E6152A5D15B2005938DE /* Constant.swift */ = {isa = PBXFileReference; lastKnownFileType = sourcecode.swift; path = Constant.swift; sourceTree = "<group>"; };
		6A0D303F2A56C83500A9F44A /* UIView+addSubViews.swift */ = {isa = PBXFileReference; lastKnownFileType = sourcecode.swift; path = "UIView+addSubViews.swift"; sourceTree = "<group>"; };
		6A17A4252A6A644F001F0563 /* LaunchImage.png */ = {isa = PBXFileReference; lastKnownFileType = image.png; path = LaunchImage.png; sourceTree = "<group>"; };
		6A17A4272A6A6702001F0563 /* LaunchScreenView.swift */ = {isa = PBXFileReference; lastKnownFileType = sourcecode.swift; path = LaunchScreenView.swift; sourceTree = "<group>"; };
		6A1C0EB92A61427400A7C1C1 /* UIFont+Pretendard.swift */ = {isa = PBXFileReference; lastKnownFileType = sourcecode.swift; path = "UIFont+Pretendard.swift"; sourceTree = "<group>"; };
		6A2B70722A5BF056002F92EB /* UIColor+ReFreeColor.swift */ = {isa = PBXFileReference; lastKnownFileType = sourcecode.swift; path = "UIColor+ReFreeColor.swift"; sourceTree = "<group>"; };
		6A3ADA5A2A63E99200D6D49A /* HomeTabViewController.swift */ = {isa = PBXFileReference; lastKnownFileType = sourcecode.swift; path = HomeTabViewController.swift; sourceTree = "<group>"; };
		6A4781282A7C1A2A004C55D0 /* RFModalParentViewController.swift */ = {isa = PBXFileReference; lastKnownFileType = sourcecode.swift; path = RFModalParentViewController.swift; sourceTree = "<group>"; };
		6A4BA8502A71352A00CCEC7B /* ko */ = {isa = PBXFileReference; lastKnownFileType = text.plist.strings; name = ko; path = ko.lproj/LaunchScreen.strings; sourceTree = "<group>"; };
		6A4ED1D72A5D237C00299B61 /* RFSearchBar.swift */ = {isa = PBXFileReference; lastKnownFileType = sourcecode.swift; path = RFSearchBar.swift; sourceTree = "<group>"; };
		6A4ED1DC2A5D31A800299B61 /* BadgeButton.swift */ = {isa = PBXFileReference; lastKnownFileType = sourcecode.swift; path = BadgeButton.swift; sourceTree = "<group>"; };
		6A4ED1DE2A5D402700299B61 /* UITextFiled+Attribute.swift */ = {isa = PBXFileReference; lastKnownFileType = sourcecode.swift; path = "UITextFiled+Attribute.swift"; sourceTree = "<group>"; };
		6A4ED1E02A5D432900299B61 /* UIVIew+Shadow.swift */ = {isa = PBXFileReference; lastKnownFileType = sourcecode.swift; path = "UIVIew+Shadow.swift"; sourceTree = "<group>"; };
		6A4ED1E42A5D4B4600299B61 /* CarouselCell.swift */ = {isa = PBXFileReference; lastKnownFileType = sourcecode.swift; path = CarouselCell.swift; sourceTree = "<group>"; };
		6A4ED1E62A5D4E0D00299B61 /* Identifiable.swift */ = {isa = PBXFileReference; lastKnownFileType = sourcecode.swift; path = Identifiable.swift; sourceTree = "<group>"; };
		6A51C50E2A7818D300FF5341 /* RecipeRepository.swift */ = {isa = PBXFileReference; lastKnownFileType = sourcecode.swift; path = RecipeRepository.swift; sourceTree = "<group>"; };
		6A51C5102A781A7F00FF5341 /* CommonResponse.swift */ = {isa = PBXFileReference; lastKnownFileType = sourcecode.swift; path = CommonResponse.swift; sourceTree = "<group>"; };
		6A51C5122A7823B100FF5341 /* IngredientRepository.swift */ = {isa = PBXFileReference; lastKnownFileType = sourcecode.swift; path = IngredientRepository.swift; sourceTree = "<group>"; };
		6A51C5142A7823B900FF5341 /* SignRepository.swift */ = {isa = PBXFileReference; lastKnownFileType = sourcecode.swift; path = SignRepository.swift; sourceTree = "<group>"; };
		6A51C5162A78E37000FF5341 /* IngredientResponseDTO.swift */ = {isa = PBXFileReference; lastKnownFileType = sourcecode.swift; path = IngredientResponseDTO.swift; sourceTree = "<group>"; };
		6A51C51A2A79196800FF5341 /* MockupData.swift */ = {isa = PBXFileReference; lastKnownFileType = sourcecode.swift; path = MockupData.swift; sourceTree = "<group>"; };
		6A5E934A2A7513E4006659E2 /* RegisterIngredientViewController.swift */ = {isa = PBXFileReference; lastKnownFileType = sourcecode.swift; path = RegisterIngredientViewController.swift; sourceTree = "<group>"; };
		6A5E934C2A751434006659E2 /* CameraView.swift */ = {isa = PBXFileReference; lastKnownFileType = sourcecode.swift; path = CameraView.swift; sourceTree = "<group>"; };
		6A5E934E2A75143D006659E2 /* IngredientInfoView.swift */ = {isa = PBXFileReference; lastKnownFileType = sourcecode.swift; path = IngredientInfoView.swift; sourceTree = "<group>"; };
		6A5F07162A73DDC700526B18 /* SignInRequestDTO.swift */ = {isa = PBXFileReference; lastKnownFileType = sourcecode.swift; path = SignInRequestDTO.swift; sourceTree = "<group>"; };
		6A5F07182A73DEAE00526B18 /* CommonResponseDTO.swift */ = {isa = PBXFileReference; lastKnownFileType = sourcecode.swift; path = CommonResponseDTO.swift; sourceTree = "<group>"; };
		6A5F071A2A73DED100526B18 /* SignUpRequestDTO.swift */ = {isa = PBXFileReference; lastKnownFileType = sourcecode.swift; path = SignUpRequestDTO.swift; sourceTree = "<group>"; };
		6A5F071C2A73DF2A00526B18 /* FindPasswordRequestDTO.swift */ = {isa = PBXFileReference; lastKnownFileType = sourcecode.swift; path = FindPasswordRequestDTO.swift; sourceTree = "<group>"; };
		6A5F071E2A73DF5B00526B18 /* ModifyPasswordRequestDTO.swift */ = {isa = PBXFileReference; lastKnownFileType = sourcecode.swift; path = ModifyPasswordRequestDTO.swift; sourceTree = "<group>"; };
		6A5F07202A73E0AC00526B18 /* SaveIngredientRequestDTO.swift */ = {isa = PBXFileReference; lastKnownFileType = sourcecode.swift; path = SaveIngredientRequestDTO.swift; sourceTree = "<group>"; };
		6A5F07222A7407BA00526B18 /* NetworkSign.swift */ = {isa = PBXFileReference; lastKnownFileType = sourcecode.swift; path = NetworkSign.swift; sourceTree = "<group>"; };
		6A5F07282A740E9800526B18 /* NetworkIngredient.swift */ = {isa = PBXFileReference; lastKnownFileType = sourcecode.swift; path = NetworkIngredient.swift; sourceTree = "<group>"; };
		6A63A0772A66CAC1008EA0DC /* RecipeListCell.swift */ = {isa = PBXFileReference; lastKnownFileType = sourcecode.swift; path = RecipeListCell.swift; sourceTree = "<group>"; };
		6A63C1E22A66B3E000E69D06 /* KindRecipeViewController.swift */ = {isa = PBXFileReference; lastKnownFileType = sourcecode.swift; path = KindRecipeViewController.swift; sourceTree = "<group>"; };
		6A770C7C2A8A30C300668794 /* WebViewController.swift */ = {isa = PBXFileReference; lastKnownFileType = sourcecode.swift; path = WebViewController.swift; sourceTree = "<group>"; };
		6A7F8B9E2A6C2E1200DB38BD /* LoadingAnimation.json */ = {isa = PBXFileReference; fileEncoding = 4; lastKnownFileType = text.json; path = LoadingAnimation.json; sourceTree = "<group>"; };
		6A7F8BA02A6C301500DB38BD /* LoadingView.swift */ = {isa = PBXFileReference; lastKnownFileType = sourcecode.swift; path = LoadingView.swift; sourceTree = "<group>"; };
		6A894D0C2A5F310200B053A5 /* RFModalViewController.swift */ = {isa = PBXFileReference; lastKnownFileType = sourcecode.swift; path = RFModalViewController.swift; sourceTree = "<group>"; };
		6A8B10D02A62EABC0076A1CF /* KeyChain.swift */ = {isa = PBXFileReference; lastKnownFileType = sourcecode.swift; path = KeyChain.swift; sourceTree = "<group>"; };
		6A8C53F62A6136D4001EC332 /* PRETENDARD-EXTRALIGHT.TTF */ = {isa = PBXFileReference; lastKnownFileType = file; path = "PRETENDARD-EXTRALIGHT.TTF"; sourceTree = "<group>"; };
		6A8C53F72A6136D4001EC332 /* PRETENDARD-BLACK.TTF */ = {isa = PBXFileReference; lastKnownFileType = file; path = "PRETENDARD-BLACK.TTF"; sourceTree = "<group>"; };
		6A8C53F82A6136D4001EC332 /* PRETENDARD-EXTRABOLD.TTF */ = {isa = PBXFileReference; lastKnownFileType = file; path = "PRETENDARD-EXTRABOLD.TTF"; sourceTree = "<group>"; };
		6A8C53F92A6136D5001EC332 /* PRETENDARD-BOLD.TTF */ = {isa = PBXFileReference; lastKnownFileType = file; path = "PRETENDARD-BOLD.TTF"; sourceTree = "<group>"; };
		6A9CDCDE2A6539680003F618 /* TargetProtocol.swift */ = {isa = PBXFileReference; lastKnownFileType = sourcecode.swift; path = TargetProtocol.swift; sourceTree = "<group>"; };
		6A9CDCE02A6551230003F618 /* Network.swift */ = {isa = PBXFileReference; lastKnownFileType = sourcecode.swift; path = Network.swift; sourceTree = "<group>"; };
		6A9CDCE22A6557950003F618 /* NetworkTest.swift */ = {isa = PBXFileReference; lastKnownFileType = sourcecode.swift; path = NetworkTest.swift; sourceTree = "<group>"; };
		6A9D24FA2A5DC9AD0025BF3B /* RecipeSidebarView.swift */ = {isa = PBXFileReference; lastKnownFileType = sourcecode.swift; path = RecipeSidebarView.swift; sourceTree = "<group>"; };
		6A9D24FC2A5DCA030025BF3B /* FoodKindView.swift */ = {isa = PBXFileReference; lastKnownFileType = sourcecode.swift; path = FoodKindView.swift; sourceTree = "<group>"; };
		6AA335E82A606F510037A2C1 /* IngredientDetailView.swift */ = {isa = PBXFileReference; lastKnownFileType = sourcecode.swift; path = IngredientDetailView.swift; sourceTree = "<group>"; };
		6AA335EA2A6070AB0037A2C1 /* UIView+StackView.swift */ = {isa = PBXFileReference; lastKnownFileType = sourcecode.swift; path = "UIView+StackView.swift"; sourceTree = "<group>"; };
		6AA335ED2A6106290037A2C1 /* DetailStackView.swift */ = {isa = PBXFileReference; lastKnownFileType = sourcecode.swift; path = DetailStackView.swift; sourceTree = "<group>"; };
		6AA335EF2A61066D0037A2C1 /* LineView.swift */ = {isa = PBXFileReference; lastKnownFileType = sourcecode.swift; path = LineView.swift; sourceTree = "<group>"; };
		6AA94EC52A825FF8001489CD /* NetworkImage.swift */ = {isa = PBXFileReference; lastKnownFileType = sourcecode.swift; path = NetworkImage.swift; sourceTree = "<group>"; };
		6AA94EC72A82B12A001489CD /* Date+String.swift */ = {isa = PBXFileReference; lastKnownFileType = sourcecode.swift; path = "Date+String.swift"; sourceTree = "<group>"; };
		6AC1A0462A88E8F9004652B0 /* ExtendInfoView.swift */ = {isa = PBXFileReference; lastKnownFileType = sourcecode.swift; path = ExtendInfoView.swift; sourceTree = "<group>"; };
		6AC1A0482A88FB51004652B0 /* UIViewController+addsubViewToWindow.swift */ = {isa = PBXFileReference; lastKnownFileType = sourcecode.swift; path = "UIViewController+addsubViewToWindow.swift"; sourceTree = "<group>"; };
		6AC1A04A2A88FC75004652B0 /* UIView+addSubviewToWindow.swift */ = {isa = PBXFileReference; lastKnownFileType = sourcecode.swift; path = "UIView+addSubviewToWindow.swift"; sourceTree = "<group>"; };
		6AC1A04C2A8922F3004652B0 /* UIView+Image.swift */ = {isa = PBXFileReference; lastKnownFileType = sourcecode.swift; path = "UIView+Image.swift"; sourceTree = "<group>"; };
		6AC1A04E2A8A08F4004652B0 /* SignAgreementViewController.swift */ = {isa = PBXFileReference; lastKnownFileType = sourcecode.swift; path = SignAgreementViewController.swift; sourceTree = "<group>"; };
		6AC1A0512A8A092E004652B0 /* SettingViewController.swift */ = {isa = PBXFileReference; lastKnownFileType = sourcecode.swift; path = SettingViewController.swift; sourceTree = "<group>"; };
		6AC48A8D2A73C902009F647B /* RecipeResponseDTO.swift */ = {isa = PBXFileReference; lastKnownFileType = sourcecode.swift; path = RecipeResponseDTO.swift; sourceTree = "<group>"; };
		6AC48A912A73CB5C009F647B /* NetworkRecipe.swift */ = {isa = PBXFileReference; lastKnownFileType = sourcecode.swift; path = NetworkRecipe.swift; sourceTree = "<group>"; };
		6AC48A932A73D07B009F647B /* NetworkError.swift */ = {isa = PBXFileReference; lastKnownFileType = sourcecode.swift; path = NetworkError.swift; sourceTree = "<group>"; };
		6ACEE6C52A5C92F70084C41A /* UIView+gradient.swift */ = {isa = PBXFileReference; lastKnownFileType = sourcecode.swift; path = "UIView+gradient.swift"; sourceTree = "<group>"; };
		6AD7E3932A506C08007338DB /* ReFree.app */ = {isa = PBXFileReference; explicitFileType = wrapper.application; includeInIndex = 0; path = ReFree.app; sourceTree = BUILT_PRODUCTS_DIR; };
		6AD7E3962A506C08007338DB /* AppDelegate.swift */ = {isa = PBXFileReference; lastKnownFileType = sourcecode.swift; path = AppDelegate.swift; sourceTree = "<group>"; };
		6AD7E3982A506C08007338DB /* SceneDelegate.swift */ = {isa = PBXFileReference; lastKnownFileType = sourcecode.swift; path = SceneDelegate.swift; sourceTree = "<group>"; };
		6AD7E39F2A506C09007338DB /* Assets.xcassets */ = {isa = PBXFileReference; lastKnownFileType = folder.assetcatalog; path = Assets.xcassets; sourceTree = "<group>"; };
		6AD7E3A22A506C09007338DB /* Base */ = {isa = PBXFileReference; lastKnownFileType = file.storyboard; name = Base; path = Base.lproj/LaunchScreen.storyboard; sourceTree = "<group>"; };
		6AD7E3A42A506C09007338DB /* Info.plist */ = {isa = PBXFileReference; lastKnownFileType = text.plist.xml; path = Info.plist; sourceTree = "<group>"; };
		6ADB30ED2A765F7D00F48549 /* PaddingLabel.swift */ = {isa = PBXFileReference; lastKnownFileType = sourcecode.swift; path = PaddingLabel.swift; sourceTree = "<group>"; };
		6ADBAD5F2A7542FF009821AE /* AlertView.swift */ = {isa = PBXFileReference; lastKnownFileType = sourcecode.swift; path = AlertView.swift; sourceTree = "<group>"; };
		6AE16DC02A7114C3008D0C3C /* Recipe.swift */ = {isa = PBXFileReference; lastKnownFileType = sourcecode.swift; path = Recipe.swift; sourceTree = "<group>"; };
		6AE16DC22A711595008D0C3C /* Ingredient.swift */ = {isa = PBXFileReference; lastKnownFileType = sourcecode.swift; path = Ingredient.swift; sourceTree = "<group>"; };
		6AE16DC42A711642008D0C3C /* UserInfo.swift */ = {isa = PBXFileReference; lastKnownFileType = sourcecode.swift; path = UserInfo.swift; sourceTree = "<group>"; };
		6AE5A9992A865B7D005FBC47 /* UIView+ResponseCheck.swift */ = {isa = PBXFileReference; lastKnownFileType = sourcecode.swift; path = "UIView+ResponseCheck.swift"; sourceTree = "<group>"; };
		6AE5A99F2A87BEA9005FBC47 /* UIViewController+ResponseCheck.swift */ = {isa = PBXFileReference; lastKnownFileType = sourcecode.swift; path = "UIViewController+ResponseCheck.swift"; sourceTree = "<group>"; };
		6AE5A9A12A87D02E005FBC47 /* UINavigationController+Init.swift */ = {isa = PBXFileReference; lastKnownFileType = sourcecode.swift; path = "UINavigationController+Init.swift"; sourceTree = "<group>"; };
		6AE5A9A72A880984005FBC47 /* UserRepository.swift */ = {isa = PBXFileReference; lastKnownFileType = sourcecode.swift; path = UserRepository.swift; sourceTree = "<group>"; };
		6AF713C22A76D68700F4CF96 /* CategorySelectViewController.swift */ = {isa = PBXFileReference; lastKnownFileType = sourcecode.swift; path = CategorySelectViewController.swift; sourceTree = "<group>"; };
		6AF713C42A77745800F4CF96 /* CategoryTableViewCell.swift */ = {isa = PBXFileReference; lastKnownFileType = sourcecode.swift; path = CategoryTableViewCell.swift; sourceTree = "<group>"; };
		6AF713C62A778BE000F4CF96 /* CategorySelectLabel.swift */ = {isa = PBXFileReference; lastKnownFileType = sourcecode.swift; path = CategorySelectLabel.swift; sourceTree = "<group>"; };
		6AF713C82A77AE3D00F4CF96 /* Alert.swift */ = {isa = PBXFileReference; lastKnownFileType = sourcecode.swift; path = Alert.swift; sourceTree = "<group>"; };
		6AFE1B642A7A3BAB0049D523 /* AppInitViewController.swift */ = {isa = PBXFileReference; lastKnownFileType = sourcecode.swift; path = AppInitViewController.swift; sourceTree = "<group>"; };
		6AFFE7502A64128400744182 /* RecipeDetailCell.swift */ = {isa = PBXFileReference; lastKnownFileType = sourcecode.swift; path = RecipeDetailCell.swift; sourceTree = "<group>"; };
		6AFFE7522A6412CC00744182 /* RecipeDetailHeaderView.swift */ = {isa = PBXFileReference; lastKnownFileType = sourcecode.swift; path = RecipeDetailHeaderView.swift; sourceTree = "<group>"; };
		6AFFE7542A64785500744182 /* RecipeDetailView.swift */ = {isa = PBXFileReference; lastKnownFileType = sourcecode.swift; path = RecipeDetailView.swift; sourceTree = "<group>"; };
/* End PBXFileReference section */

/* Begin PBXFrameworksBuildPhase section */
		6AD7E3902A506C08007338DB /* Frameworks */ = {
			isa = PBXFrameworksBuildPhase;
			buildActionMask = 2147483647;
			files = (
				6A9D25022A5EC92C0025BF3B /* RxSwift in Frameworks */,
				6AE80DCB2A507CDD006CBB56 /* RealmSwift in Frameworks */,
				6AE80DBC2A507C21006CBB56 /* SnapKit in Frameworks */,
				6A17A4302A6AE42E001F0563 /* Kingfisher in Frameworks */,
				6A9D25002A5EC92C0025BF3B /* RxCocoa in Frameworks */,
				6AE80DC22A507C89006CBB56 /* Alamofire in Frameworks */,
				6A4ED1DB2A5D254600299B61 /* Then in Frameworks */,
				6A9D25072A5F13D70025BF3B /* RxGesture in Frameworks */,
				6A17A42D2A6AE33D001F0563 /* Lottie in Frameworks */,
			);
			runOnlyForDeploymentPostprocessing = 0;
		};
/* End PBXFrameworksBuildPhase section */

/* Begin PBXGroup section */
		02ADE9312A6134BA0017B69D /* Home */ = {
			isa = PBXGroup;
			children = (
				02ADE9332A6134C20017B69D /* ViewController */,
				02ADE9322A6134BE0017B69D /* View */,
			);
			path = Home;
			sourceTree = "<group>";
		};
		02ADE9322A6134BE0017B69D /* View */ = {
			isa = PBXGroup;
			children = (
				02ADE93C2A6136AA0017B69D /* HomeTabHeader.swift */,
				02B526D82A6E978B0046D46E /* FoodTableViewCell.swift */,
			);
			path = View;
			sourceTree = "<group>";
		};
		02ADE9332A6134C20017B69D /* ViewController */ = {
			isa = PBXGroup;
			children = (
				02ADE93A2A6136920017B69D /* HomeViewController.swift */,
			);
			path = ViewController;
			sourceTree = "<group>";
		};
		02B526C12A6689000046D46E /* LogIn */ = {
			isa = PBXGroup;
			children = (
				02B526C32A6689110046D46E /* ViewController */,
				02B526C22A6689080046D46E /* View */,
			);
			path = LogIn;
			sourceTree = "<group>";
		};
		02B526C22A6689080046D46E /* View */ = {
			isa = PBXGroup;
			children = (
				02B526D22A6A369E0046D46E /* PasswordFindTabHeader.swift */,
				02B526C82A66D6280046D46E /* LogInTextField.swift */,
				02B526CA2A66E1510046D46E /* LogInButton.swift */,
				02B526CC2A6702130046D46E /* LogInStackViewBackground.swift */,
			);
			path = View;
			sourceTree = "<group>";
		};
		02B526C32A6689110046D46E /* ViewController */ = {
			isa = PBXGroup;
			children = (
				02B526C62A66A3260046D46E /* LogInViewController.swift */,
				02B526D02A6A2DD00046D46E /* EmailSearchViewController.swift */,
				02B526D42A6A5CAE0046D46E /* PasswordChangeViewController.swift */,
			);
			path = ViewController;
			sourceTree = "<group>";
		};
		2E35BAE32A6C0F3700D3C74C /* Refrigerator */ = {
			isa = PBXGroup;
			children = (
				2E35BAE42A6C0F3700D3C74C /* View */,
				2E35BAE62A6C0F3700D3C74C /* ViewController */,
			);
			path = Refrigerator;
			sourceTree = "<group>";
		};
		2E35BAE42A6C0F3700D3C74C /* View */ = {
			isa = PBXGroup;
			children = (
				2E35BAE52A6C0F3700D3C74C /* RefrigeratorTabHeader.swift */,
				2EC015352A7404EF00882246 /* RefrigeratorListCell.swift */,
			);
			path = View;
			sourceTree = "<group>";
		};
		2E35BAE62A6C0F3700D3C74C /* ViewController */ = {
			isa = PBXGroup;
			children = (
				2E35BAE72A6C0F3700D3C74C /* RefrigeratorViewController.swift */,
			);
			path = ViewController;
			sourceTree = "<group>";
		};
		2E35BAEA2A6C0FB500D3C74C /* ViewController */ = {
			isa = PBXGroup;
			children = (
				6AC1A04E2A8A08F4004652B0 /* SignAgreementViewController.swift */,
				2E35BAEB2A6C0FB500D3C74C /* SignUpViewController.swift */,
				2E2916032A825C76006D2C1F /* AuthenticationCodeViewController.swift */,
				2E35BAEC2A6C0FB500D3C74C /* SignUpCompleteViewController.swift */,
			);
			path = ViewController;
			sourceTree = "<group>";
		};
		6A06E60E2A5D1237005938DE /* Recipe */ = {
			isa = PBXGroup;
			children = (
				6A06E60F2A5D1256005938DE /* ViewController */,
				6A06E6102A5D125C005938DE /* View */,
			);
			path = Recipe;
			sourceTree = "<group>";
		};
		6A06E60F2A5D1256005938DE /* ViewController */ = {
			isa = PBXGroup;
			children = (
				6A06E6112A5D1279005938DE /* RecipeViewController.swift */,
			);
			path = ViewController;
			sourceTree = "<group>";
		};
		6A06E6102A5D125C005938DE /* View */ = {
			isa = PBXGroup;
			children = (
				6A06E6132A5D1378005938DE /* RecipeTabHeader.swift */,
				6A4ED1DC2A5D31A800299B61 /* BadgeButton.swift */,
				6A4ED1E42A5D4B4600299B61 /* CarouselCell.swift */,
				6A9D24FA2A5DC9AD0025BF3B /* RecipeSidebarView.swift */,
				6A9D24FC2A5DCA030025BF3B /* FoodKindView.swift */,
			);
			path = View;
			sourceTree = "<group>";
		};
		6A0D303D2A56C80F00A9F44A /* Util */ = {
			isa = PBXGroup;
			children = (
				6A9CDCDD2A6539580003F618 /* Network */,
				6A0D303E2A56C81800A9F44A /* Extension */,
				6A06E6152A5D15B2005938DE /* Constant.swift */,
				6A4ED1E62A5D4E0D00299B61 /* Identifiable.swift */,
				6A8B10D02A62EABC0076A1CF /* KeyChain.swift */,
				6AF713C82A77AE3D00F4CF96 /* Alert.swift */,
				0213D7002A828DD8003799E5 /* ValidationCheck.swift */,
			);
			path = Util;
			sourceTree = "<group>";
		};
		6A0D303E2A56C81800A9F44A /* Extension */ = {
			isa = PBXGroup;
			children = (
				6A0D303F2A56C83500A9F44A /* UIView+addSubViews.swift */,
				6A2B70722A5BF056002F92EB /* UIColor+ReFreeColor.swift */,
				6ACEE6C52A5C92F70084C41A /* UIView+gradient.swift */,
				6A4ED1DE2A5D402700299B61 /* UITextFiled+Attribute.swift */,
				6A4ED1E02A5D432900299B61 /* UIVIew+Shadow.swift */,
				6AA335EA2A6070AB0037A2C1 /* UIView+StackView.swift */,
				6A1C0EB92A61427400A7C1C1 /* UIFont+Pretendard.swift */,
				2E35BAEF2A6C100E00D3C74C /* UIView+UIScreen.swift */,
				2EC5B8B82A73D37500B83C92 /* UIView+alignBtnTextBelow.swift */,
				6AA94EC72A82B12A001489CD /* Date+String.swift */,
				6AE5A9992A865B7D005FBC47 /* UIView+ResponseCheck.swift */,
				6AE5A99F2A87BEA9005FBC47 /* UIViewController+ResponseCheck.swift */,
				6AE5A9A12A87D02E005FBC47 /* UINavigationController+Init.swift */,
				6AC1A0482A88FB51004652B0 /* UIViewController+addsubViewToWindow.swift */,
				6AC1A04A2A88FC75004652B0 /* UIView+addSubviewToWindow.swift */,
				6AC1A04C2A8922F3004652B0 /* UIView+Image.swift */,
			);
			path = Extension;
			sourceTree = "<group>";
		};
		6A1C0EB62A613EBE00A7C1C1 /* SignUp */ = {
			isa = PBXGroup;
			children = (
				2E35BAEA2A6C0FB500D3C74C /* ViewController */,
			);
			name = SignUp;
			path = ReFree/Source/SignUp;
			sourceTree = SOURCE_ROOT;
		};
		6A51C5182A78EA9100FF5341 /* Repository */ = {
			isa = PBXGroup;
			children = (
				6AE5A9A62A880975005FBC47 /* Remote */,
				6AE5A9A52A88096A005FBC47 /* Local */,
			);
			path = Repository;
			sourceTree = "<group>";
		};
		6A51C5192A79191800FF5341 /* Mockup */ = {
			isa = PBXGroup;
			children = (
				6A51C51A2A79196800FF5341 /* MockupData.swift */,
			);
			path = Mockup;
			sourceTree = "<group>";
		};
		6A5E93472A7513AA006659E2 /* RegisterIngredient */ = {
			isa = PBXGroup;
			children = (
				6A5E93482A7513D0006659E2 /* ViewController */,
				6A5E93492A7513D4006659E2 /* View */,
			);
			path = RegisterIngredient;
			sourceTree = "<group>";
		};
		6A5E93482A7513D0006659E2 /* ViewController */ = {
			isa = PBXGroup;
			children = (
				6A5E934A2A7513E4006659E2 /* RegisterIngredientViewController.swift */,
				6AF713C22A76D68700F4CF96 /* CategorySelectViewController.swift */,
			);
			path = ViewController;
			sourceTree = "<group>";
		};
		6A5E93492A7513D4006659E2 /* View */ = {
			isa = PBXGroup;
			children = (
				6A5E934C2A751434006659E2 /* CameraView.swift */,
				6A5E934E2A75143D006659E2 /* IngredientInfoView.swift */,
				6AF713C42A77745800F4CF96 /* CategoryTableViewCell.swift */,
				6AF713C62A778BE000F4CF96 /* CategorySelectLabel.swift */,
			);
			path = View;
			sourceTree = "<group>";
		};
		6A63C1DF2A66B36700E69D06 /* KindRecipe */ = {
			isa = PBXGroup;
			children = (
				6A63C1E02A66B3B000E69D06 /* ViewController */,
				6A63C1E12A66B3B600E69D06 /* View */,
			);
			path = KindRecipe;
			sourceTree = "<group>";
		};
		6A63C1E02A66B3B000E69D06 /* ViewController */ = {
			isa = PBXGroup;
			children = (
				6A63C1E22A66B3E000E69D06 /* KindRecipeViewController.swift */,
			);
			path = ViewController;
			sourceTree = "<group>";
		};
		6A63C1E12A66B3B600E69D06 /* View */ = {
			isa = PBXGroup;
			children = (
				6A63A0772A66CAC1008EA0DC /* RecipeListCell.swift */,
			);
			path = View;
			sourceTree = "<group>";
		};
		6A7234F32A507303004FCFB4 /* App */ = {
			isa = PBXGroup;
			children = (
				6AD7E3962A506C08007338DB /* AppDelegate.swift */,
				6AD7E3982A506C08007338DB /* SceneDelegate.swift */,
				6AD7E3A12A506C09007338DB /* LaunchScreen.storyboard */,
				6AD7E3A42A506C09007338DB /* Info.plist */,
				2E35BADF2A6C0C4100D3C74C /* Development.xcconfig */,
				2E35BAE02A6C0C4100D3C74C /* Release.xcconfig */,
			);
			path = App;
			sourceTree = "<group>";
		};
		6A7234F42A50731D004FCFB4 /* Resource */ = {
			isa = PBXGroup;
			children = (
				6A8C53F52A6136B5001EC332 /* Fonts */,
				6AD7E39F2A506C09007338DB /* Assets.xcassets */,
				6A17A4252A6A644F001F0563 /* LaunchImage.png */,
				6A7F8B9E2A6C2E1200DB38BD /* LoadingAnimation.json */,
			);
			path = Resource;
			sourceTree = "<group>";
		};
		6A7234F52A507334004FCFB4 /* Source */ = {
			isa = PBXGroup;
			children = (
				6AE16DBB2A7113CD008D0C3C /* Data */,
				02B526C12A6689000046D46E /* LogIn */,
				2E35BAE32A6C0F3700D3C74C /* Refrigerator */,
				02ADE9312A6134BA0017B69D /* Home */,
				6A7234F62A50734A004FCFB4 /* Common */,
				6AC1A0502A8A0924004652B0 /* Setting */,
				6A1C0EB62A613EBE00A7C1C1 /* SignUp */,
				6A5E93472A7513AA006659E2 /* RegisterIngredient */,
				6A06E60E2A5D1237005938DE /* Recipe */,
				6A63C1DF2A66B36700E69D06 /* KindRecipe */,
				6A0D303D2A56C80F00A9F44A /* Util */,
			);
			path = Source;
			sourceTree = "<group>";
		};
		6A7234F62A50734A004FCFB4 /* Common */ = {
			isa = PBXGroup;
			children = (
				6AA335E72A606F0A0037A2C1 /* ViewController */,
				6A7234F72A50734E004FCFB4 /* View */,
			);
			path = Common;
			sourceTree = "<group>";
		};
		6A7234F72A50734E004FCFB4 /* View */ = {
			isa = PBXGroup;
			children = (
				6AA335EC2A6106140037A2C1 /* RFModal */,
				6A4ED1D72A5D237C00299B61 /* RFSearchBar.swift */,
				6AA335EF2A61066D0037A2C1 /* LineView.swift */,
				6A17A4272A6A6702001F0563 /* LaunchScreenView.swift */,
				6A7F8BA02A6C301500DB38BD /* LoadingView.swift */,
				6ADBAD5F2A7542FF009821AE /* AlertView.swift */,
				6ADB30ED2A765F7D00F48549 /* PaddingLabel.swift */,
			);
			path = View;
			sourceTree = "<group>";
		};
		6A8C53F52A6136B5001EC332 /* Fonts */ = {
			isa = PBXGroup;
			children = (
				6A8C53F72A6136D4001EC332 /* PRETENDARD-BLACK.TTF */,
				6A8C53F92A6136D5001EC332 /* PRETENDARD-BOLD.TTF */,
				6A8C53F82A6136D4001EC332 /* PRETENDARD-EXTRABOLD.TTF */,
				6A8C53F62A6136D4001EC332 /* PRETENDARD-EXTRALIGHT.TTF */,
			);
			path = Fonts;
			sourceTree = "<group>";
		};
		6A9CDCDD2A6539580003F618 /* Network */ = {
			isa = PBXGroup;
			children = (
				6A9CDCDE2A6539680003F618 /* TargetProtocol.swift */,
				6A9CDCE02A6551230003F618 /* Network.swift */,
				6AC48A932A73D07B009F647B /* NetworkError.swift */,
				6AA91E462A71301400CEFB3B /* DataSource */,
			);
			path = Network;
			sourceTree = "<group>";
		};
		6AA335E72A606F0A0037A2C1 /* ViewController */ = {
			isa = PBXGroup;
			children = (
				6A4781282A7C1A2A004C55D0 /* RFModalParentViewController.swift */,
				6A894D0C2A5F310200B053A5 /* RFModalViewController.swift */,
				6A3ADA5A2A63E99200D6D49A /* HomeTabViewController.swift */,
				6AFE1B642A7A3BAB0049D523 /* AppInitViewController.swift */,
				6A770C7C2A8A30C300668794 /* WebViewController.swift */,
			);
			path = ViewController;
			sourceTree = "<group>";
		};
		6AA335EC2A6106140037A2C1 /* RFModal */ = {
			isa = PBXGroup;
			children = (
				6AA335E82A606F510037A2C1 /* IngredientDetailView.swift */,
				6AA335ED2A6106290037A2C1 /* DetailStackView.swift */,
				6AFFE7502A64128400744182 /* RecipeDetailCell.swift */,
				6AFFE7522A6412CC00744182 /* RecipeDetailHeaderView.swift */,
				6AFFE7542A64785500744182 /* RecipeDetailView.swift */,
				6AC1A0462A88E8F9004652B0 /* ExtendInfoView.swift */,
			);
			path = RFModal;
			sourceTree = "<group>";
		};
		6AA91E462A71301400CEFB3B /* DataSource */ = {
			isa = PBXGroup;
			children = (
				6AC48A912A73CB5C009F647B /* NetworkRecipe.swift */,
				6A9CDCE22A6557950003F618 /* NetworkTest.swift */,
				6A5F07222A7407BA00526B18 /* NetworkSign.swift */,
				6A5F07282A740E9800526B18 /* NetworkIngredient.swift */,
				6AA94EC52A825FF8001489CD /* NetworkImage.swift */,
			);
			path = DataSource;
			sourceTree = "<group>";
		};
		6AC1A0502A8A0924004652B0 /* Setting */ = {
			isa = PBXGroup;
			children = (
				6AC1A0512A8A092E004652B0 /* SettingViewController.swift */,
			);
			path = Setting;
			sourceTree = "<group>";
		};
		6AC48A8C2A73C8E1009F647B /* DTO */ = {
			isa = PBXGroup;
			children = (
				6AC48A8D2A73C902009F647B /* RecipeResponseDTO.swift */,
				6A5F07162A73DDC700526B18 /* SignInRequestDTO.swift */,
				6A5F07182A73DEAE00526B18 /* CommonResponseDTO.swift */,
				6A5F071A2A73DED100526B18 /* SignUpRequestDTO.swift */,
				6A5F071C2A73DF2A00526B18 /* FindPasswordRequestDTO.swift */,
				6A5F071E2A73DF5B00526B18 /* ModifyPasswordRequestDTO.swift */,
				6A5F07202A73E0AC00526B18 /* SaveIngredientRequestDTO.swift */,
				6A51C5162A78E37000FF5341 /* IngredientResponseDTO.swift */,
			);
			path = DTO;
			sourceTree = "<group>";
		};
		6AD7E38A2A506C08007338DB = {
			isa = PBXGroup;
			children = (
				6AD7E3952A506C08007338DB /* ReFree */,
				6AD7E3942A506C08007338DB /* Products */,
			);
			sourceTree = "<group>";
		};
		6AD7E3942A506C08007338DB /* Products */ = {
			isa = PBXGroup;
			children = (
				6AD7E3932A506C08007338DB /* ReFree.app */,
			);
			name = Products;
			sourceTree = "<group>";
		};
		6AD7E3952A506C08007338DB /* ReFree */ = {
			isa = PBXGroup;
			children = (
				6A7234F32A507303004FCFB4 /* App */,
				6A7234F42A50731D004FCFB4 /* Resource */,
				6A7234F52A507334004FCFB4 /* Source */,
			);
			path = ReFree;
			sourceTree = "<group>";
		};
		6AE16DBB2A7113CD008D0C3C /* Data */ = {
			isa = PBXGroup;
			children = (
				6A51C5192A79191800FF5341 /* Mockup */,
				6AC48A8C2A73C8E1009F647B /* DTO */,
				6AE16DBC2A711429008D0C3C /* Domain */,
				6A51C5182A78EA9100FF5341 /* Repository */,
			);
			path = Data;
			sourceTree = "<group>";
		};
		6AE16DBC2A711429008D0C3C /* Domain */ = {
			isa = PBXGroup;
			children = (
				6AE16DC02A7114C3008D0C3C /* Recipe.swift */,
				6AE16DC22A711595008D0C3C /* Ingredient.swift */,
				6AE16DC42A711642008D0C3C /* UserInfo.swift */,
				6A51C5102A781A7F00FF5341 /* CommonResponse.swift */,
			);
			path = Domain;
			sourceTree = "<group>";
		};
		6AE5A9A52A88096A005FBC47 /* Local */ = {
			isa = PBXGroup;
			children = (
				6AE5A9A72A880984005FBC47 /* UserRepository.swift */,
			);
			path = Local;
			sourceTree = "<group>";
		};
		6AE5A9A62A880975005FBC47 /* Remote */ = {
			isa = PBXGroup;
			children = (
				6A51C50E2A7818D300FF5341 /* RecipeRepository.swift */,
				6A51C5122A7823B100FF5341 /* IngredientRepository.swift */,
				6A51C5142A7823B900FF5341 /* SignRepository.swift */,
			);
			path = Remote;
			sourceTree = "<group>";
		};
/* End PBXGroup section */

/* Begin PBXNativeTarget section */
		6AD7E3922A506C08007338DB /* ReFree */ = {
			isa = PBXNativeTarget;
			buildConfigurationList = 6AD7E3A72A506C09007338DB /* Build configuration list for PBXNativeTarget "ReFree" */;
			buildPhases = (
				6AD7E38F2A506C08007338DB /* Sources */,
				6AD7E3902A506C08007338DB /* Frameworks */,
				6AD7E3912A506C08007338DB /* Resources */,
			);
			buildRules = (
			);
			dependencies = (
			);
			name = ReFree;
			packageProductDependencies = (
				6AE80DBB2A507C21006CBB56 /* SnapKit */,
				6AE80DC12A507C89006CBB56 /* Alamofire */,
				6AE80DCA2A507CDD006CBB56 /* RealmSwift */,
				6A4ED1DA2A5D254600299B61 /* Then */,
				6A9D24FF2A5EC92C0025BF3B /* RxCocoa */,
				6A9D25012A5EC92C0025BF3B /* RxSwift */,
				6A9D25062A5F13D70025BF3B /* RxGesture */,
				6A17A42C2A6AE33D001F0563 /* Lottie */,
				6A17A42F2A6AE42E001F0563 /* Kingfisher */,
			);
			productName = ReFree;
			productReference = 6AD7E3932A506C08007338DB /* ReFree.app */;
			productType = "com.apple.product-type.application";
		};
/* End PBXNativeTarget section */

/* Begin PBXProject section */
		6AD7E38B2A506C08007338DB /* Project object */ = {
			isa = PBXProject;
			attributes = {
				BuildIndependentTargetsInParallel = 1;
				LastSwiftUpdateCheck = 1430;
				LastUpgradeCheck = 1430;
				TargetAttributes = {
					6AD7E3922A506C08007338DB = {
						CreatedOnToolsVersion = 14.3;
					};
				};
			};
			buildConfigurationList = 6AD7E38E2A506C08007338DB /* Build configuration list for PBXProject "ReFree" */;
			compatibilityVersion = "Xcode 14.0";
			developmentRegion = ko;
			hasScannedForEncodings = 0;
			knownRegions = (
				en,
				Base,
				ko,
			);
			mainGroup = 6AD7E38A2A506C08007338DB;
			packageReferences = (
				6AE80DBA2A507C21006CBB56 /* XCRemoteSwiftPackageReference "SnapKit" */,
				6AE80DC02A507C89006CBB56 /* XCRemoteSwiftPackageReference "Alamofire" */,
				6AE80DC92A507CDD006CBB56 /* XCRemoteSwiftPackageReference "realm-swift" */,
				6A4ED1D92A5D254600299B61 /* XCRemoteSwiftPackageReference "Then" */,
				6A9D24FE2A5EC92C0025BF3B /* XCRemoteSwiftPackageReference "RxSwift" */,
				6A9D25052A5F13D70025BF3B /* XCRemoteSwiftPackageReference "RxGesture" */,
				6A17A42B2A6AE33D001F0563 /* XCRemoteSwiftPackageReference "lottie-spm" */,
				6A17A42E2A6AE42E001F0563 /* XCRemoteSwiftPackageReference "Kingfisher" */,
			);
			productRefGroup = 6AD7E3942A506C08007338DB /* Products */;
			projectDirPath = "";
			projectRoot = "";
			targets = (
				6AD7E3922A506C08007338DB /* ReFree */,
			);
		};
/* End PBXProject section */

/* Begin PBXResourcesBuildPhase section */
		6AD7E3912A506C08007338DB /* Resources */ = {
			isa = PBXResourcesBuildPhase;
			buildActionMask = 2147483647;
			files = (
				6A17A4262A6A644F001F0563 /* LaunchImage.png in Resources */,
				6AD7E3A32A506C09007338DB /* LaunchScreen.storyboard in Resources */,
				2E35BAE22A6C0C4100D3C74C /* Release.xcconfig in Resources */,
				6AD7E3A02A506C09007338DB /* Assets.xcassets in Resources */,
				6A8C53FA2A6136D5001EC332 /* PRETENDARD-EXTRALIGHT.TTF in Resources */,
				6A8C53FB2A6136D5001EC332 /* PRETENDARD-BLACK.TTF in Resources */,
				6A8C53FD2A6136D5001EC332 /* PRETENDARD-BOLD.TTF in Resources */,
				6A7F8B9F2A6C2E1200DB38BD /* LoadingAnimation.json in Resources */,
				2E35BAE12A6C0C4100D3C74C /* Development.xcconfig in Resources */,
				6A8C53FC2A6136D5001EC332 /* PRETENDARD-EXTRABOLD.TTF in Resources */,
			);
			runOnlyForDeploymentPostprocessing = 0;
		};
/* End PBXResourcesBuildPhase section */

/* Begin PBXSourcesBuildPhase section */
		6AD7E38F2A506C08007338DB /* Sources */ = {
			isa = PBXSourcesBuildPhase;
			buildActionMask = 2147483647;
			files = (
				6AE5A99A2A865B7D005FBC47 /* UIView+ResponseCheck.swift in Sources */,
				6A9CDCDF2A6539680003F618 /* TargetProtocol.swift in Sources */,
				02ADE93B2A6136920017B69D /* HomeViewController.swift in Sources */,
				0213D7012A828DD8003799E5 /* ValidationCheck.swift in Sources */,
				6AF713C92A77AE3D00F4CF96 /* Alert.swift in Sources */,
				6AFFE7552A64785500744182 /* RecipeDetailView.swift in Sources */,
				6A5F071B2A73DED100526B18 /* SignUpRequestDTO.swift in Sources */,
				6AC1A0472A88E8F9004652B0 /* ExtendInfoView.swift in Sources */,
				02B526C72A66A3260046D46E /* LogInViewController.swift in Sources */,
				2EC5B8B92A73D37500B83C92 /* UIView+alignBtnTextBelow.swift in Sources */,
				2E35BAED2A6C0FB500D3C74C /* SignUpViewController.swift in Sources */,
				6AA94EC82A82B12A001489CD /* Date+String.swift in Sources */,
				6A0D30402A56C83500A9F44A /* UIView+addSubViews.swift in Sources */,
				02B526C92A66D6280046D46E /* LogInTextField.swift in Sources */,
				6A51C5132A7823B100FF5341 /* IngredientRepository.swift in Sources */,
				2E35BAF02A6C100E00D3C74C /* UIView+UIScreen.swift in Sources */,
				6AE16DC52A711642008D0C3C /* UserInfo.swift in Sources */,
				6AF713C52A77745800F4CF96 /* CategoryTableViewCell.swift in Sources */,
				6AC48A8E2A73C902009F647B /* RecipeResponseDTO.swift in Sources */,
				6ACEE6C62A5C92F70084C41A /* UIView+gradient.swift in Sources */,
				6A1C0EBA2A61427400A7C1C1 /* UIFont+Pretendard.swift in Sources */,
				02B526CB2A66E1510046D46E /* LogInButton.swift in Sources */,
				6A4ED1E12A5D432900299B61 /* UIVIew+Shadow.swift in Sources */,
				2E35BAEE2A6C0FB500D3C74C /* SignUpCompleteViewController.swift in Sources */,
				6A51C50F2A7818D300FF5341 /* RecipeRepository.swift in Sources */,
				6A17A4282A6A6702001F0563 /* LaunchScreenView.swift in Sources */,
				2E2916042A825C76006D2C1F /* AuthenticationCodeViewController.swift in Sources */,
				6AA335EE2A6106290037A2C1 /* DetailStackView.swift in Sources */,
				6A51C51B2A79196800FF5341 /* MockupData.swift in Sources */,
				6AA335E92A606F510037A2C1 /* IngredientDetailView.swift in Sources */,
				6AC48A942A73D07B009F647B /* NetworkError.swift in Sources */,
				6A63A0782A66CAC1008EA0DC /* RecipeListCell.swift in Sources */,
				6A9CDCE32A6557950003F618 /* NetworkTest.swift in Sources */,
				6AC1A04F2A8A08F4004652B0 /* SignAgreementViewController.swift in Sources */,
				6AC1A0492A88FB51004652B0 /* UIViewController+addsubViewToWindow.swift in Sources */,
				6A4ED1E52A5D4B4600299B61 /* CarouselCell.swift in Sources */,
				6AC1A04B2A88FC75004652B0 /* UIView+addSubviewToWindow.swift in Sources */,
				6A5F07212A73E0AC00526B18 /* SaveIngredientRequestDTO.swift in Sources */,
				6AE16DC12A7114C3008D0C3C /* Recipe.swift in Sources */,
				2E35BAE82A6C0F3700D3C74C /* RefrigeratorTabHeader.swift in Sources */,
				6A770C7D2A8A30C300668794 /* WebViewController.swift in Sources */,
				6AD7E3972A506C08007338DB /* AppDelegate.swift in Sources */,
				6AC1A04D2A8922F3004652B0 /* UIView+Image.swift in Sources */,
				6A4ED1D82A5D237C00299B61 /* RFSearchBar.swift in Sources */,
				6AE5A9A82A880984005FBC47 /* UserRepository.swift in Sources */,
				6AFE1B652A7A3BAB0049D523 /* AppInitViewController.swift in Sources */,
				6AE16DC32A711595008D0C3C /* Ingredient.swift in Sources */,
				6A2B70732A5BF056002F92EB /* UIColor+ReFreeColor.swift in Sources */,
				6A06E6142A5D1379005938DE /* RecipeTabHeader.swift in Sources */,
				6A4ED1DF2A5D402700299B61 /* UITextFiled+Attribute.swift in Sources */,
				6AA94EC62A825FF8001489CD /* NetworkImage.swift in Sources */,
				6A5E934F2A75143D006659E2 /* IngredientInfoView.swift in Sources */,
				6ADBAD602A7542FF009821AE /* AlertView.swift in Sources */,
				02B526CD2A6702130046D46E /* LogInStackViewBackground.swift in Sources */,
				6AFFE7532A6412CC00744182 /* RecipeDetailHeaderView.swift in Sources */,
				2EC015362A7404EF00882246 /* RefrigeratorListCell.swift in Sources */,
				6A06E6162A5D15B2005938DE /* Constant.swift in Sources */,
				02B526D32A6A369E0046D46E /* PasswordFindTabHeader.swift in Sources */,
				6A9CDCE12A6551230003F618 /* Network.swift in Sources */,
				6ADB30EE2A765F7D00F48549 /* PaddingLabel.swift in Sources */,
				6A5F07292A740E9800526B18 /* NetworkIngredient.swift in Sources */,
				6A4ED1E72A5D4E0D00299B61 /* Identifiable.swift in Sources */,
				6A51C5152A7823B900FF5341 /* SignRepository.swift in Sources */,
				6AFFE7512A64128400744182 /* RecipeDetailCell.swift in Sources */,
				6A5F07172A73DDC700526B18 /* SignInRequestDTO.swift in Sources */,
				6A51C5112A781A7F00FF5341 /* CommonResponse.swift in Sources */,
				6A3ADA5B2A63E99200D6D49A /* HomeTabViewController.swift in Sources */,
				6A51C5172A78E37000FF5341 /* IngredientResponseDTO.swift in Sources */,
				6A5F07192A73DEAE00526B18 /* CommonResponseDTO.swift in Sources */,
				6A9D24FD2A5DCA030025BF3B /* FoodKindView.swift in Sources */,
				02B526D12A6A2DD00046D46E /* EmailSearchViewController.swift in Sources */,
				6AA335EB2A6070AB0037A2C1 /* UIView+StackView.swift in Sources */,
				6AD7E3992A506C08007338DB /* SceneDelegate.swift in Sources */,
				02B526D52A6A5CAE0046D46E /* PasswordChangeViewController.swift in Sources */,
				6A9D24FB2A5DC9AD0025BF3B /* RecipeSidebarView.swift in Sources */,
				6AE5A9A02A87BEA9005FBC47 /* UIViewController+ResponseCheck.swift in Sources */,
				6A5F071D2A73DF2A00526B18 /* FindPasswordRequestDTO.swift in Sources */,
				6AA335F02A61066D0037A2C1 /* LineView.swift in Sources */,
				6A5E934D2A751434006659E2 /* CameraView.swift in Sources */,
				6A4ED1DD2A5D31A800299B61 /* BadgeButton.swift in Sources */,
				2E35BAE92A6C0F3700D3C74C /* RefrigeratorViewController.swift in Sources */,
				6AF713C72A778BE000F4CF96 /* CategorySelectLabel.swift in Sources */,
				02ADE93D2A6136AA0017B69D /* HomeTabHeader.swift in Sources */,
				6AC48A922A73CB5C009F647B /* NetworkRecipe.swift in Sources */,
				6AC1A0522A8A092E004652B0 /* SettingViewController.swift in Sources */,
				6A63C1E32A66B3E000E69D06 /* KindRecipeViewController.swift in Sources */,
				6A5E934B2A7513E4006659E2 /* RegisterIngredientViewController.swift in Sources */,
				6A894D0D2A5F310200B053A5 /* RFModalViewController.swift in Sources */,
				02B526D92A6E978B0046D46E /* FoodTableViewCell.swift in Sources */,
				6AF713C32A76D68700F4CF96 /* CategorySelectViewController.swift in Sources */,
				6A8B10D12A62EABC0076A1CF /* KeyChain.swift in Sources */,
				6A5F07232A7407BA00526B18 /* NetworkSign.swift in Sources */,
				6A06E6122A5D1279005938DE /* RecipeViewController.swift in Sources */,
				6A7F8BA12A6C301500DB38BD /* LoadingView.swift in Sources */,
				6AE5A9A22A87D02E005FBC47 /* UINavigationController+Init.swift in Sources */,
				6A4781292A7C1A2A004C55D0 /* RFModalParentViewController.swift in Sources */,
				6A5F071F2A73DF5B00526B18 /* ModifyPasswordRequestDTO.swift in Sources */,
			);
			runOnlyForDeploymentPostprocessing = 0;
		};
/* End PBXSourcesBuildPhase section */

/* Begin PBXVariantGroup section */
		6AD7E3A12A506C09007338DB /* LaunchScreen.storyboard */ = {
			isa = PBXVariantGroup;
			children = (
				6AD7E3A22A506C09007338DB /* Base */,
				6A4BA8502A71352A00CCEC7B /* ko */,
			);
			name = LaunchScreen.storyboard;
			sourceTree = "<group>";
		};
/* End PBXVariantGroup section */

/* Begin XCBuildConfiguration section */
		6A8B10D22A62ED8C0076A1CF /* Develop */ = {
			isa = XCBuildConfiguration;
			buildSettings = {
				ALWAYS_SEARCH_USER_PATHS = NO;
				CLANG_ANALYZER_LOCALIZABILITY_NONLOCALIZED = YES;
				CLANG_ANALYZER_NONNULL = YES;
				CLANG_ANALYZER_NUMBER_OBJECT_CONVERSION = YES_AGGRESSIVE;
				CLANG_CXX_LANGUAGE_STANDARD = "gnu++20";
				CLANG_ENABLE_MODULES = YES;
				CLANG_ENABLE_OBJC_ARC = YES;
				CLANG_ENABLE_OBJC_WEAK = YES;
				CLANG_WARN_BLOCK_CAPTURE_AUTORELEASING = YES;
				CLANG_WARN_BOOL_CONVERSION = YES;
				CLANG_WARN_COMMA = YES;
				CLANG_WARN_CONSTANT_CONVERSION = YES;
				CLANG_WARN_DEPRECATED_OBJC_IMPLEMENTATIONS = YES;
				CLANG_WARN_DIRECT_OBJC_ISA_USAGE = YES_ERROR;
				CLANG_WARN_DOCUMENTATION_COMMENTS = YES;
				CLANG_WARN_EMPTY_BODY = YES;
				CLANG_WARN_ENUM_CONVERSION = YES;
				CLANG_WARN_INFINITE_RECURSION = YES;
				CLANG_WARN_INT_CONVERSION = YES;
				CLANG_WARN_NON_LITERAL_NULL_CONVERSION = YES;
				CLANG_WARN_OBJC_IMPLICIT_RETAIN_SELF = YES;
				CLANG_WARN_OBJC_LITERAL_CONVERSION = YES;
				CLANG_WARN_OBJC_ROOT_CLASS = YES_ERROR;
				CLANG_WARN_QUOTED_INCLUDE_IN_FRAMEWORK_HEADER = YES;
				CLANG_WARN_RANGE_LOOP_ANALYSIS = YES;
				CLANG_WARN_STRICT_PROTOTYPES = YES;
				CLANG_WARN_SUSPICIOUS_MOVE = YES;
				CLANG_WARN_UNGUARDED_AVAILABILITY = YES_AGGRESSIVE;
				CLANG_WARN_UNREACHABLE_CODE = YES;
				CLANG_WARN__DUPLICATE_METHOD_MATCH = YES;
				COPY_PHASE_STRIP = NO;
				DEBUG_INFORMATION_FORMAT = dwarf;
				ENABLE_STRICT_OBJC_MSGSEND = YES;
				ENABLE_TESTABILITY = YES;
				GCC_C_LANGUAGE_STANDARD = gnu11;
				GCC_DYNAMIC_NO_PIC = NO;
				GCC_NO_COMMON_BLOCKS = YES;
				GCC_OPTIMIZATION_LEVEL = 0;
				GCC_PREPROCESSOR_DEFINITIONS = (
					"DEBUG=1",
					"$(inherited)",
				);
				GCC_WARN_64_TO_32_BIT_CONVERSION = YES;
				GCC_WARN_ABOUT_RETURN_TYPE = YES_ERROR;
				GCC_WARN_UNDECLARED_SELECTOR = YES;
				GCC_WARN_UNINITIALIZED_AUTOS = YES_AGGRESSIVE;
				GCC_WARN_UNUSED_FUNCTION = YES;
				GCC_WARN_UNUSED_VARIABLE = YES;
				INFOPLIST_KEY_CFBundleDisplayName = "";
				IPHONEOS_DEPLOYMENT_TARGET = 16.4;
				MTL_ENABLE_DEBUG_INFO = INCLUDE_SOURCE;
				MTL_FAST_MATH = YES;
				ONLY_ACTIVE_ARCH = YES;
				SDKROOT = iphoneos;
				SWIFT_ACTIVE_COMPILATION_CONDITIONS = DEBUG;
				SWIFT_OPTIMIZATION_LEVEL = "-Onone";
			};
			name = Develop;
		};
		6A8B10D32A62ED8C0076A1CF /* Develop */ = {
			isa = XCBuildConfiguration;
			baseConfigurationReference = 2E35BADF2A6C0C4100D3C74C /* Development.xcconfig */;
			buildSettings = {
				ASSETCATALOG_COMPILER_APPICON_NAME = AppIcon;
				ASSETCATALOG_COMPILER_GLOBAL_ACCENT_COLOR_NAME = AccentColor;
				CODE_SIGN_STYLE = Automatic;
				CURRENT_PROJECT_VERSION = 1;
				DEVELOPMENT_TEAM = RCUX4RDJ8Q;
				GENERATE_INFOPLIST_FILE = YES;
				INFOPLIST_FILE = ReFree/App/Info.plist;
				INFOPLIST_KEY_CFBundleDisplayName = "Re:Free";
				INFOPLIST_KEY_UIApplicationSupportsIndirectInputEvents = YES;
				INFOPLIST_KEY_UILaunchStoryboardName = LaunchScreen;
				INFOPLIST_KEY_UISupportedInterfaceOrientations_iPad = "UIInterfaceOrientationPortrait UIInterfaceOrientationPortraitUpsideDown UIInterfaceOrientationLandscapeLeft UIInterfaceOrientationLandscapeRight";
				INFOPLIST_KEY_UISupportedInterfaceOrientations_iPhone = "UIInterfaceOrientationPortrait UIInterfaceOrientationLandscapeLeft UIInterfaceOrientationLandscapeRight";
				LD_RUNPATH_SEARCH_PATHS = (
					"$(inherited)",
					"@executable_path/Frameworks",
				);
				MARKETING_VERSION = 1.0;
				PRODUCT_BUNDLE_IDENTIFIER = "$(APP_BUNDLE_NAME)";
				PRODUCT_NAME = "$(TARGET_NAME)";
				SWIFT_EMIT_LOC_STRINGS = YES;
				SWIFT_VERSION = 5.0;
				TARGETED_DEVICE_FAMILY = "1,2";
			};
			name = Develop;
		};
		6AD7E3A52A506C09007338DB /* Debug */ = {
			isa = XCBuildConfiguration;
			buildSettings = {
				ALWAYS_SEARCH_USER_PATHS = NO;
				CLANG_ANALYZER_LOCALIZABILITY_NONLOCALIZED = YES;
				CLANG_ANALYZER_NONNULL = YES;
				CLANG_ANALYZER_NUMBER_OBJECT_CONVERSION = YES_AGGRESSIVE;
				CLANG_CXX_LANGUAGE_STANDARD = "gnu++20";
				CLANG_ENABLE_MODULES = YES;
				CLANG_ENABLE_OBJC_ARC = YES;
				CLANG_ENABLE_OBJC_WEAK = YES;
				CLANG_WARN_BLOCK_CAPTURE_AUTORELEASING = YES;
				CLANG_WARN_BOOL_CONVERSION = YES;
				CLANG_WARN_COMMA = YES;
				CLANG_WARN_CONSTANT_CONVERSION = YES;
				CLANG_WARN_DEPRECATED_OBJC_IMPLEMENTATIONS = YES;
				CLANG_WARN_DIRECT_OBJC_ISA_USAGE = YES_ERROR;
				CLANG_WARN_DOCUMENTATION_COMMENTS = YES;
				CLANG_WARN_EMPTY_BODY = YES;
				CLANG_WARN_ENUM_CONVERSION = YES;
				CLANG_WARN_INFINITE_RECURSION = YES;
				CLANG_WARN_INT_CONVERSION = YES;
				CLANG_WARN_NON_LITERAL_NULL_CONVERSION = YES;
				CLANG_WARN_OBJC_IMPLICIT_RETAIN_SELF = YES;
				CLANG_WARN_OBJC_LITERAL_CONVERSION = YES;
				CLANG_WARN_OBJC_ROOT_CLASS = YES_ERROR;
				CLANG_WARN_QUOTED_INCLUDE_IN_FRAMEWORK_HEADER = YES;
				CLANG_WARN_RANGE_LOOP_ANALYSIS = YES;
				CLANG_WARN_STRICT_PROTOTYPES = YES;
				CLANG_WARN_SUSPICIOUS_MOVE = YES;
				CLANG_WARN_UNGUARDED_AVAILABILITY = YES_AGGRESSIVE;
				CLANG_WARN_UNREACHABLE_CODE = YES;
				CLANG_WARN__DUPLICATE_METHOD_MATCH = YES;
				COPY_PHASE_STRIP = NO;
				DEBUG_INFORMATION_FORMAT = dwarf;
				ENABLE_STRICT_OBJC_MSGSEND = YES;
				ENABLE_TESTABILITY = YES;
				GCC_C_LANGUAGE_STANDARD = gnu11;
				GCC_DYNAMIC_NO_PIC = NO;
				GCC_NO_COMMON_BLOCKS = YES;
				GCC_OPTIMIZATION_LEVEL = 0;
				GCC_PREPROCESSOR_DEFINITIONS = (
					"DEBUG=1",
					"$(inherited)",
				);
				GCC_WARN_64_TO_32_BIT_CONVERSION = YES;
				GCC_WARN_ABOUT_RETURN_TYPE = YES_ERROR;
				GCC_WARN_UNDECLARED_SELECTOR = YES;
				GCC_WARN_UNINITIALIZED_AUTOS = YES_AGGRESSIVE;
				GCC_WARN_UNUSED_FUNCTION = YES;
				GCC_WARN_UNUSED_VARIABLE = YES;
				INFOPLIST_KEY_CFBundleDisplayName = "";
				IPHONEOS_DEPLOYMENT_TARGET = 16.4;
				MTL_ENABLE_DEBUG_INFO = INCLUDE_SOURCE;
				MTL_FAST_MATH = YES;
				ONLY_ACTIVE_ARCH = YES;
				SDKROOT = iphoneos;
				SWIFT_ACTIVE_COMPILATION_CONDITIONS = DEBUG;
				SWIFT_OPTIMIZATION_LEVEL = "-Onone";
			};
			name = Debug;
		};
		6AD7E3A62A506C09007338DB /* Release */ = {
			isa = XCBuildConfiguration;
			buildSettings = {
				ALWAYS_SEARCH_USER_PATHS = NO;
				CLANG_ANALYZER_LOCALIZABILITY_NONLOCALIZED = YES;
				CLANG_ANALYZER_NONNULL = YES;
				CLANG_ANALYZER_NUMBER_OBJECT_CONVERSION = YES_AGGRESSIVE;
				CLANG_CXX_LANGUAGE_STANDARD = "gnu++20";
				CLANG_ENABLE_MODULES = YES;
				CLANG_ENABLE_OBJC_ARC = YES;
				CLANG_ENABLE_OBJC_WEAK = YES;
				CLANG_WARN_BLOCK_CAPTURE_AUTORELEASING = YES;
				CLANG_WARN_BOOL_CONVERSION = YES;
				CLANG_WARN_COMMA = YES;
				CLANG_WARN_CONSTANT_CONVERSION = YES;
				CLANG_WARN_DEPRECATED_OBJC_IMPLEMENTATIONS = YES;
				CLANG_WARN_DIRECT_OBJC_ISA_USAGE = YES_ERROR;
				CLANG_WARN_DOCUMENTATION_COMMENTS = YES;
				CLANG_WARN_EMPTY_BODY = YES;
				CLANG_WARN_ENUM_CONVERSION = YES;
				CLANG_WARN_INFINITE_RECURSION = YES;
				CLANG_WARN_INT_CONVERSION = YES;
				CLANG_WARN_NON_LITERAL_NULL_CONVERSION = YES;
				CLANG_WARN_OBJC_IMPLICIT_RETAIN_SELF = YES;
				CLANG_WARN_OBJC_LITERAL_CONVERSION = YES;
				CLANG_WARN_OBJC_ROOT_CLASS = YES_ERROR;
				CLANG_WARN_QUOTED_INCLUDE_IN_FRAMEWORK_HEADER = YES;
				CLANG_WARN_RANGE_LOOP_ANALYSIS = YES;
				CLANG_WARN_STRICT_PROTOTYPES = YES;
				CLANG_WARN_SUSPICIOUS_MOVE = YES;
				CLANG_WARN_UNGUARDED_AVAILABILITY = YES_AGGRESSIVE;
				CLANG_WARN_UNREACHABLE_CODE = YES;
				CLANG_WARN__DUPLICATE_METHOD_MATCH = YES;
				COPY_PHASE_STRIP = NO;
				DEBUG_INFORMATION_FORMAT = "dwarf-with-dsym";
				ENABLE_NS_ASSERTIONS = NO;
				ENABLE_STRICT_OBJC_MSGSEND = YES;
				GCC_C_LANGUAGE_STANDARD = gnu11;
				GCC_NO_COMMON_BLOCKS = YES;
				GCC_WARN_64_TO_32_BIT_CONVERSION = YES;
				GCC_WARN_ABOUT_RETURN_TYPE = YES_ERROR;
				GCC_WARN_UNDECLARED_SELECTOR = YES;
				GCC_WARN_UNINITIALIZED_AUTOS = YES_AGGRESSIVE;
				GCC_WARN_UNUSED_FUNCTION = YES;
				GCC_WARN_UNUSED_VARIABLE = YES;
				INFOPLIST_KEY_CFBundleDisplayName = "";
				IPHONEOS_DEPLOYMENT_TARGET = 16.4;
				MTL_ENABLE_DEBUG_INFO = NO;
				MTL_FAST_MATH = YES;
				SDKROOT = iphoneos;
				SWIFT_COMPILATION_MODE = wholemodule;
				SWIFT_OPTIMIZATION_LEVEL = "-O";
				VALIDATE_PRODUCT = YES;
			};
			name = Release;
		};
		6AD7E3A82A506C09007338DB /* Debug */ = {
			isa = XCBuildConfiguration;
			buildSettings = {
				ASSETCATALOG_COMPILER_APPICON_NAME = AppIcon;
				ASSETCATALOG_COMPILER_GLOBAL_ACCENT_COLOR_NAME = AccentColor;
				CODE_SIGN_STYLE = Automatic;
				CURRENT_PROJECT_VERSION = 1;
				DEVELOPMENT_TEAM = RCUX4RDJ8Q;
				GENERATE_INFOPLIST_FILE = YES;
				INFOPLIST_FILE = ReFree/App/Info.plist;
				INFOPLIST_KEY_CFBundleDisplayName = "Re:Free";
				INFOPLIST_KEY_UIApplicationSupportsIndirectInputEvents = YES;
				INFOPLIST_KEY_UILaunchStoryboardName = LaunchScreen;
				INFOPLIST_KEY_UISupportedInterfaceOrientations_iPad = "UIInterfaceOrientationPortrait UIInterfaceOrientationPortraitUpsideDown UIInterfaceOrientationLandscapeLeft UIInterfaceOrientationLandscapeRight";
				INFOPLIST_KEY_UISupportedInterfaceOrientations_iPhone = "UIInterfaceOrientationPortrait UIInterfaceOrientationLandscapeLeft UIInterfaceOrientationLandscapeRight";
				LD_RUNPATH_SEARCH_PATHS = (
					"$(inherited)",
					"@executable_path/Frameworks",
				);
				MARKETING_VERSION = 1.0;
				PRODUCT_BUNDLE_IDENTIFIER = "$(APP_BUNDLE_NAME)";
				PRODUCT_NAME = "$(TARGET_NAME)";
				SWIFT_EMIT_LOC_STRINGS = YES;
				SWIFT_VERSION = 5.0;
				TARGETED_DEVICE_FAMILY = "1,2";
			};
			name = Debug;
		};
		6AD7E3A92A506C09007338DB /* Release */ = {
			isa = XCBuildConfiguration;
			baseConfigurationReference = 2E35BAE02A6C0C4100D3C74C /* Release.xcconfig */;
			buildSettings = {
				ASSETCATALOG_COMPILER_APPICON_NAME = AppIcon;
				ASSETCATALOG_COMPILER_GLOBAL_ACCENT_COLOR_NAME = AccentColor;
				CODE_SIGN_STYLE = Automatic;
				CURRENT_PROJECT_VERSION = 1;
				DEVELOPMENT_TEAM = RCUX4RDJ8Q;
				GENERATE_INFOPLIST_FILE = YES;
				INFOPLIST_FILE = ReFree/App/Info.plist;
				INFOPLIST_KEY_CFBundleDisplayName = "Re:Free";
				INFOPLIST_KEY_UIApplicationSupportsIndirectInputEvents = YES;
				INFOPLIST_KEY_UILaunchStoryboardName = LaunchScreen;
				INFOPLIST_KEY_UISupportedInterfaceOrientations_iPad = "UIInterfaceOrientationPortrait UIInterfaceOrientationPortraitUpsideDown UIInterfaceOrientationLandscapeLeft UIInterfaceOrientationLandscapeRight";
				INFOPLIST_KEY_UISupportedInterfaceOrientations_iPhone = "UIInterfaceOrientationPortrait UIInterfaceOrientationLandscapeLeft UIInterfaceOrientationLandscapeRight";
				LD_RUNPATH_SEARCH_PATHS = (
					"$(inherited)",
					"@executable_path/Frameworks",
				);
				MARKETING_VERSION = 1.0;
				PRODUCT_BUNDLE_IDENTIFIER = "$(APP_BUNDLE_NAME)";
				PRODUCT_NAME = "$(TARGET_NAME)";
				SWIFT_EMIT_LOC_STRINGS = YES;
				SWIFT_VERSION = 5.0;
				TARGETED_DEVICE_FAMILY = "1,2";
			};
			name = Release;
		};
/* End XCBuildConfiguration section */

/* Begin XCConfigurationList section */
		6AD7E38E2A506C08007338DB /* Build configuration list for PBXProject "ReFree" */ = {
			isa = XCConfigurationList;
			buildConfigurations = (
				6AD7E3A52A506C09007338DB /* Debug */,
				6A8B10D22A62ED8C0076A1CF /* Develop */,
				6AD7E3A62A506C09007338DB /* Release */,
			);
			defaultConfigurationIsVisible = 0;
			defaultConfigurationName = Release;
		};
		6AD7E3A72A506C09007338DB /* Build configuration list for PBXNativeTarget "ReFree" */ = {
			isa = XCConfigurationList;
			buildConfigurations = (
				6AD7E3A82A506C09007338DB /* Debug */,
				6A8B10D32A62ED8C0076A1CF /* Develop */,
				6AD7E3A92A506C09007338DB /* Release */,
			);
			defaultConfigurationIsVisible = 0;
			defaultConfigurationName = Release;
		};
/* End XCConfigurationList section */

/* Begin XCRemoteSwiftPackageReference section */
		6A17A42B2A6AE33D001F0563 /* XCRemoteSwiftPackageReference "lottie-spm" */ = {
			isa = XCRemoteSwiftPackageReference;
			repositoryURL = "https://github.com/airbnb/lottie-spm.git";
			requirement = {
				kind = upToNextMajorVersion;
				minimumVersion = 4.0.0;
			};
		};
		6A17A42E2A6AE42E001F0563 /* XCRemoteSwiftPackageReference "Kingfisher" */ = {
			isa = XCRemoteSwiftPackageReference;
			repositoryURL = "https://github.com/onevcat/Kingfisher.git";
			requirement = {
				kind = upToNextMajorVersion;
				minimumVersion = 7.0.0;
			};
		};
		6A4ED1D92A5D254600299B61 /* XCRemoteSwiftPackageReference "Then" */ = {
			isa = XCRemoteSwiftPackageReference;
			repositoryURL = "https://github.com/devxoul/Then";
			requirement = {
				kind = upToNextMajorVersion;
				minimumVersion = 3.0.0;
			};
		};
		6A9D24FE2A5EC92C0025BF3B /* XCRemoteSwiftPackageReference "RxSwift" */ = {
			isa = XCRemoteSwiftPackageReference;
			repositoryURL = "https://github.com/ReactiveX/RxSwift.git";
			requirement = {
				kind = upToNextMajorVersion;
				minimumVersion = 6.0.0;
			};
		};
		6A9D25052A5F13D70025BF3B /* XCRemoteSwiftPackageReference "RxGesture" */ = {
			isa = XCRemoteSwiftPackageReference;
			repositoryURL = "https://github.com/RxSwiftCommunity/RxGesture";
			requirement = {
				kind = upToNextMajorVersion;
				minimumVersion = 4.0.0;
			};
		};
		6AE80DBA2A507C21006CBB56 /* XCRemoteSwiftPackageReference "SnapKit" */ = {
			isa = XCRemoteSwiftPackageReference;
			repositoryURL = "https://github.com/SnapKit/SnapKit.git";
			requirement = {
				kind = upToNextMajorVersion;
				minimumVersion = 5.0.0;
			};
		};
		6AE80DC02A507C89006CBB56 /* XCRemoteSwiftPackageReference "Alamofire" */ = {
			isa = XCRemoteSwiftPackageReference;
			repositoryURL = "https://github.com/Alamofire/Alamofire.git";
			requirement = {
				kind = upToNextMajorVersion;
				minimumVersion = 5.0.0;
			};
		};
		6AE80DC92A507CDD006CBB56 /* XCRemoteSwiftPackageReference "realm-swift" */ = {
			isa = XCRemoteSwiftPackageReference;
			repositoryURL = "https://github.com/realm/realm-swift";
			requirement = {
				branch = master;
				kind = branch;
			};
		};
/* End XCRemoteSwiftPackageReference section */

/* Begin XCSwiftPackageProductDependency section */
		6A17A42C2A6AE33D001F0563 /* Lottie */ = {
			isa = XCSwiftPackageProductDependency;
			package = 6A17A42B2A6AE33D001F0563 /* XCRemoteSwiftPackageReference "lottie-spm" */;
			productName = Lottie;
		};
		6A17A42F2A6AE42E001F0563 /* Kingfisher */ = {
			isa = XCSwiftPackageProductDependency;
			package = 6A17A42E2A6AE42E001F0563 /* XCRemoteSwiftPackageReference "Kingfisher" */;
			productName = Kingfisher;
		};
		6A4ED1DA2A5D254600299B61 /* Then */ = {
			isa = XCSwiftPackageProductDependency;
			package = 6A4ED1D92A5D254600299B61 /* XCRemoteSwiftPackageReference "Then" */;
			productName = Then;
		};
		6A9D24FF2A5EC92C0025BF3B /* RxCocoa */ = {
			isa = XCSwiftPackageProductDependency;
			package = 6A9D24FE2A5EC92C0025BF3B /* XCRemoteSwiftPackageReference "RxSwift" */;
			productName = RxCocoa;
		};
		6A9D25012A5EC92C0025BF3B /* RxSwift */ = {
			isa = XCSwiftPackageProductDependency;
			package = 6A9D24FE2A5EC92C0025BF3B /* XCRemoteSwiftPackageReference "RxSwift" */;
			productName = RxSwift;
		};
		6A9D25062A5F13D70025BF3B /* RxGesture */ = {
			isa = XCSwiftPackageProductDependency;
			package = 6A9D25052A5F13D70025BF3B /* XCRemoteSwiftPackageReference "RxGesture" */;
			productName = RxGesture;
		};
		6AE80DBB2A507C21006CBB56 /* SnapKit */ = {
			isa = XCSwiftPackageProductDependency;
			package = 6AE80DBA2A507C21006CBB56 /* XCRemoteSwiftPackageReference "SnapKit" */;
			productName = SnapKit;
		};
		6AE80DC12A507C89006CBB56 /* Alamofire */ = {
			isa = XCSwiftPackageProductDependency;
			package = 6AE80DC02A507C89006CBB56 /* XCRemoteSwiftPackageReference "Alamofire" */;
			productName = Alamofire;
		};
		6AE80DCA2A507CDD006CBB56 /* RealmSwift */ = {
			isa = XCSwiftPackageProductDependency;
			package = 6AE80DC92A507CDD006CBB56 /* XCRemoteSwiftPackageReference "realm-swift" */;
			productName = RealmSwift;
		};
/* End XCSwiftPackageProductDependency section */
	};
	rootObject = 6AD7E38B2A506C08007338DB /* Project object */;
}
